// !$*UTF8*$!
{
	archiveVersion = 1;
	classes = {
	};
	objectVersion = 50;
	objects = {

/* Begin PBXBuildFile section */
		F10B5CA62485588C0042D915 /* BonzeiClockFace.swift in Sources */ = {isa = PBXBuildFile; fileRef = F10B5CA52485588C0042D915 /* BonzeiClockFace.swift */; };
		F118BED424478FAD00C38981 /* SetAlarmViewController.swift in Sources */ = {isa = PBXBuildFile; fileRef = F118BED324478FAD00C38981 /* SetAlarmViewController.swift */; };
		F127AC552468265B007F9734 /* HeartBeatService.swift in Sources */ = {isa = PBXBuildFile; fileRef = F127AC542468265B007F9734 /* HeartBeatService.swift */; };
		F1329B182460912300E7F7A2 /* OvalButton.swift in Sources */ = {isa = PBXBuildFile; fileRef = F1329B172460912300E7F7A2 /* OvalButton.swift */; };
		F1368DA0246063FA00BBFC39 /* Endorphin Birds.mp3 in Resources */ = {isa = PBXBuildFile; fileRef = F1368D9D246063F900BBFC39 /* Endorphin Birds.mp3 */; };
		F1368DA1246063FA00BBFC39 /* Midnight Moon.mp3 in Resources */ = {isa = PBXBuildFile; fileRef = F1368D9E246063F900BBFC39 /* Midnight Moon.mp3 */; };
		F1368DA2246063FA00BBFC39 /* Ambient Sea Waves.mp3 in Resources */ = {isa = PBXBuildFile; fileRef = F1368D9F246063F900BBFC39 /* Ambient Sea Waves.mp3 */; };
		F1368DA4246065B200BBFC39 /* Forest Light Rays.mp3 in Resources */ = {isa = PBXBuildFile; fileRef = F1368DA3246065B200BBFC39 /* Forest Light Rays.mp3 */; };
		F1421C262454B710003D226A /* DayOfWeekPicker.swift in Sources */ = {isa = PBXBuildFile; fileRef = F1421C252454B710003D226A /* DayOfWeekPicker.swift */; };
		F142BDE424704CF200B5857C /* DateExtension.swift in Sources */ = {isa = PBXBuildFile; fileRef = F142BDE324704CF200B5857C /* DateExtension.swift */; };
		F142BDE524704CF200B5857C /* DateExtension.swift in Sources */ = {isa = PBXBuildFile; fileRef = F142BDE324704CF200B5857C /* DateExtension.swift */; };
		F1477720247D073E00D12C60 /* Gilam-Bold.ttf in Resources */ = {isa = PBXBuildFile; fileRef = F147771E247D073E00D12C60 /* Gilam-Bold.ttf */; };
		F1477721247D073E00D12C60 /* Gilam-Light.ttf in Resources */ = {isa = PBXBuildFile; fileRef = F147771F247D073E00D12C60 /* Gilam-Light.ttf */; };
		F1477723247D0C3200D12C60 /* Muli-Bold.ttf in Resources */ = {isa = PBXBuildFile; fileRef = F1477722247D0C3200D12C60 /* Muli-Bold.ttf */; };
		F1477725247D1FE100D12C60 /* Muli-Regular.ttf in Resources */ = {isa = PBXBuildFile; fileRef = F1477724247D1FE100D12C60 /* Muli-Regular.ttf */; };
		F1477736247D2B0000D12C60 /* Muli-Medium.ttf in Resources */ = {isa = PBXBuildFile; fileRef = F1477728247D2AFF00D12C60 /* Muli-Medium.ttf */; };
		F1477737247D2B0000D12C60 /* Muli-SemiBoldItalic.ttf in Resources */ = {isa = PBXBuildFile; fileRef = F1477729247D2AFF00D12C60 /* Muli-SemiBoldItalic.ttf */; };
		F1477738247D2B0000D12C60 /* Muli-SemiBold.ttf in Resources */ = {isa = PBXBuildFile; fileRef = F147772A247D2AFF00D12C60 /* Muli-SemiBold.ttf */; };
		F1477739247D2B0000D12C60 /* Muli-MediumItalic.ttf in Resources */ = {isa = PBXBuildFile; fileRef = F147772B247D2AFF00D12C60 /* Muli-MediumItalic.ttf */; };
		F147773A247D2B0000D12C60 /* Muli-BoldItalic.ttf in Resources */ = {isa = PBXBuildFile; fileRef = F147772C247D2AFF00D12C60 /* Muli-BoldItalic.ttf */; };
		F147773B247D2B0000D12C60 /* Muli-ExtraLight.ttf in Resources */ = {isa = PBXBuildFile; fileRef = F147772D247D2AFF00D12C60 /* Muli-ExtraLight.ttf */; };
		F147773C247D2B0000D12C60 /* Muli-BlackItalic.ttf in Resources */ = {isa = PBXBuildFile; fileRef = F147772E247D2B0000D12C60 /* Muli-BlackItalic.ttf */; };
		F147773D247D2B0000D12C60 /* Muli-LightItalic.ttf in Resources */ = {isa = PBXBuildFile; fileRef = F147772F247D2B0000D12C60 /* Muli-LightItalic.ttf */; };
		F147773E247D2B0000D12C60 /* Muli-ExtraLightItalic.ttf in Resources */ = {isa = PBXBuildFile; fileRef = F1477730247D2B0000D12C60 /* Muli-ExtraLightItalic.ttf */; };
		F147773F247D2B0000D12C60 /* Muli-Black.ttf in Resources */ = {isa = PBXBuildFile; fileRef = F1477731247D2B0000D12C60 /* Muli-Black.ttf */; };
		F1477740247D2B0000D12C60 /* Muli-ExtraBoldItalic.ttf in Resources */ = {isa = PBXBuildFile; fileRef = F1477732247D2B0000D12C60 /* Muli-ExtraBoldItalic.ttf */; };
		F1477741247D2B0000D12C60 /* Muli-Italic.ttf in Resources */ = {isa = PBXBuildFile; fileRef = F1477733247D2B0000D12C60 /* Muli-Italic.ttf */; };
		F1477742247D2B0000D12C60 /* Muli-ExtraBold.ttf in Resources */ = {isa = PBXBuildFile; fileRef = F1477734247D2B0000D12C60 /* Muli-ExtraBold.ttf */; };
		F1477743247D2B0000D12C60 /* Muli-Light.ttf in Resources */ = {isa = PBXBuildFile; fileRef = F1477735247D2B0000D12C60 /* Muli-Light.ttf */; };
		F14D5FB8244E11D600266A68 /* SetMelodyViewController.swift in Sources */ = {isa = PBXBuildFile; fileRef = F14D5FB7244E11D600266A68 /* SetMelodyViewController.swift */; };
		F14EF8AC24766537006A40D8 /* NotificationExtension.swift in Sources */ = {isa = PBXBuildFile; fileRef = F14EF8AB24766537006A40D8 /* NotificationExtension.swift */; };
		F15526C4244A060300741E80 /* Alarm.swift in Sources */ = {isa = PBXBuildFile; fileRef = F15526C3244A060300741E80 /* Alarm.swift */; };
		F15590FD245EF27300928589 /* Melody.swift in Sources */ = {isa = PBXBuildFile; fileRef = F15590FC245EF27300928589 /* Melody.swift */; };
		F15C1ABA2461734A00F47CCC /* AlarmScheduler.swift in Sources */ = {isa = PBXBuildFile; fileRef = F15C1AB92461734A00F47CCC /* AlarmScheduler.swift */; };
		F17ABEE32447089F008E9227 /* AppDelegate.swift in Sources */ = {isa = PBXBuildFile; fileRef = F17ABEE22447089F008E9227 /* AppDelegate.swift */; };
		F17ABEE52447089F008E9227 /* SceneDelegate.swift in Sources */ = {isa = PBXBuildFile; fileRef = F17ABEE42447089F008E9227 /* SceneDelegate.swift */; };
		F17ABEE72447089F008E9227 /* WakeUpViewController.swift in Sources */ = {isa = PBXBuildFile; fileRef = F17ABEE62447089F008E9227 /* WakeUpViewController.swift */; };
		F17ABEE92447089F008E9227 /* SecondViewController.swift in Sources */ = {isa = PBXBuildFile; fileRef = F17ABEE82447089F008E9227 /* SecondViewController.swift */; };
		F17ABEEC2447089F008E9227 /* Main.storyboard in Resources */ = {isa = PBXBuildFile; fileRef = F17ABEEA2447089F008E9227 /* Main.storyboard */; };
		F17ABEEF2447089F008E9227 /* Bonzei.xcdatamodeld in Sources */ = {isa = PBXBuildFile; fileRef = F17ABEED2447089F008E9227 /* Bonzei.xcdatamodeld */; };
		F17ABEF1244708A2008E9227 /* Assets.xcassets in Resources */ = {isa = PBXBuildFile; fileRef = F17ABEF0244708A2008E9227 /* Assets.xcassets */; };
		F17ABEF4244708A2008E9227 /* LaunchScreen.storyboard in Resources */ = {isa = PBXBuildFile; fileRef = F17ABEF2244708A2008E9227 /* LaunchScreen.storyboard */; };
		F17ABEFF244708A2008E9227 /* BonzeiTests.swift in Sources */ = {isa = PBXBuildFile; fileRef = F17ABEFE244708A2008E9227 /* BonzeiTests.swift */; };
		F1804BC624486ACA00FF4197 /* AlarmsTableDataSource.swift in Sources */ = {isa = PBXBuildFile; fileRef = F1804BC524486ACA00FF4197 /* AlarmsTableDataSource.swift */; };
		F18A325F244EF13B00162D1B /* MelodiesTableDataSource.swift in Sources */ = {isa = PBXBuildFile; fileRef = F18A325E244EF13B00162D1B /* MelodiesTableDataSource.swift */; };
		F18A86EB247949C000C5597C /* alarm.mp3 in Resources */ = {isa = PBXBuildFile; fileRef = F18A86EA247949C000C5597C /* alarm.mp3 */; };
		F195A8EB24850F81009D54A3 /* PickerVIew.swift in Sources */ = {isa = PBXBuildFile; fileRef = F195A8E624850F81009D54A3 /* PickerVIew.swift */; };
		F195A8EC24850F81009D54A3 /* TimePickerDelegate.swift in Sources */ = {isa = PBXBuildFile; fileRef = F195A8E724850F81009D54A3 /* TimePickerDelegate.swift */; };
		F195A8ED24850F81009D54A3 /* WraparoundPickerView.swift in Sources */ = {isa = PBXBuildFile; fileRef = F195A8E824850F81009D54A3 /* WraparoundPickerView.swift */; };
		F195A8EE24850F81009D54A3 /* TimePicker.swift in Sources */ = {isa = PBXBuildFile; fileRef = F195A8E924850F81009D54A3 /* TimePicker.swift */; };
		F195A8EF24850F81009D54A3 /* PickerViewDelegate.swift in Sources */ = {isa = PBXBuildFile; fileRef = F195A8EA24850F81009D54A3 /* PickerViewDelegate.swift */; };
		F1A26FA6247284A300A13B3C /* DismissAlarmViewController.swift in Sources */ = {isa = PBXBuildFile; fileRef = F1A26FA5247284A300A13B3C /* DismissAlarmViewController.swift */; };
		F1A608BD24713C00008A45EF /* Alarm.swift in Sources */ = {isa = PBXBuildFile; fileRef = F15526C3244A060300741E80 /* Alarm.swift */; };
		F1A608BE24716416008A45EF /* AlarmScheduler.swift in Sources */ = {isa = PBXBuildFile; fileRef = F15C1AB92461734A00F47CCC /* AlarmScheduler.swift */; };
		F1AB936E2465EFFD008FAA1D /* Constants.swift in Sources */ = {isa = PBXBuildFile; fileRef = F1AB936D2465EFFD008FAA1D /* Constants.swift */; };
		F1BC60D3247FE7AF00BB6CB0 /* GradientView.swift in Sources */ = {isa = PBXBuildFile; fileRef = F1BC60D2247FE7AF00BB6CB0 /* GradientView.swift */; };
		F1C76B6C247EBDBF0099F1F1 /* BonzeiClock.swift in Sources */ = {isa = PBXBuildFile; fileRef = F1C76B6B247EBDBF0099F1F1 /* BonzeiClock.swift */; };
		F1C76B6E247ED7CD0099F1F1 /* DoubleExtension.swift in Sources */ = {isa = PBXBuildFile; fileRef = F1C76B6D247ED7CD0099F1F1 /* DoubleExtension.swift */; };
		F1D298FF247D74A500D25238 /* RoundedButton.swift in Sources */ = {isa = PBXBuildFile; fileRef = F1D298FE247D74A500D25238 /* RoundedButton.swift */; };
		F1F83E1E2472F7490072630A /* RootViewViewController.swift in Sources */ = {isa = PBXBuildFile; fileRef = F1F83E1D2472F7490072630A /* RootViewViewController.swift */; };
		F1F83E222472FD0C0072630A /* AlarmSchedulerDelegate.swift in Sources */ = {isa = PBXBuildFile; fileRef = F1F83E212472FD0C0072630A /* AlarmSchedulerDelegate.swift */; };
		F1FF6CE72469B26C00B07237 /* AlarmPersistenceService.swift in Sources */ = {isa = PBXBuildFile; fileRef = F1FF6CE62469B26C00B07237 /* AlarmPersistenceService.swift */; };
/* End PBXBuildFile section */

/* Begin PBXContainerItemProxy section */
		F17ABEFB244708A2008E9227 /* PBXContainerItemProxy */ = {
			isa = PBXContainerItemProxy;
			containerPortal = F17ABED72447089F008E9227 /* Project object */;
			proxyType = 1;
			remoteGlobalIDString = F17ABEDE2447089F008E9227;
			remoteInfo = Bonzei;
		};
/* End PBXContainerItemProxy section */

/* Begin PBXFileReference section */
		F10B5CA52485588C0042D915 /* BonzeiClockFace.swift */ = {isa = PBXFileReference; fileEncoding = 4; lastKnownFileType = sourcecode.swift; path = BonzeiClockFace.swift; sourceTree = "<group>"; };
		F118BED324478FAD00C38981 /* SetAlarmViewController.swift */ = {isa = PBXFileReference; lastKnownFileType = sourcecode.swift; path = SetAlarmViewController.swift; sourceTree = "<group>"; };
		F127AC542468265B007F9734 /* HeartBeatService.swift */ = {isa = PBXFileReference; lastKnownFileType = sourcecode.swift; path = HeartBeatService.swift; sourceTree = "<group>"; };
		F1329B172460912300E7F7A2 /* OvalButton.swift */ = {isa = PBXFileReference; lastKnownFileType = sourcecode.swift; path = OvalButton.swift; sourceTree = "<group>"; };
		F1368D9D246063F900BBFC39 /* Endorphin Birds.mp3 */ = {isa = PBXFileReference; lastKnownFileType = audio.mp3; path = "Endorphin Birds.mp3"; sourceTree = "<group>"; };
		F1368D9E246063F900BBFC39 /* Midnight Moon.mp3 */ = {isa = PBXFileReference; lastKnownFileType = audio.mp3; path = "Midnight Moon.mp3"; sourceTree = "<group>"; };
		F1368D9F246063F900BBFC39 /* Ambient Sea Waves.mp3 */ = {isa = PBXFileReference; lastKnownFileType = audio.mp3; path = "Ambient Sea Waves.mp3"; sourceTree = "<group>"; };
		F1368DA3246065B200BBFC39 /* Forest Light Rays.mp3 */ = {isa = PBXFileReference; lastKnownFileType = audio.mp3; path = "Forest Light Rays.mp3"; sourceTree = "<group>"; };
		F1421C252454B710003D226A /* DayOfWeekPicker.swift */ = {isa = PBXFileReference; lastKnownFileType = sourcecode.swift; path = DayOfWeekPicker.swift; sourceTree = "<group>"; };
		F142BDE324704CF200B5857C /* DateExtension.swift */ = {isa = PBXFileReference; lastKnownFileType = sourcecode.swift; path = DateExtension.swift; sourceTree = "<group>"; };
		F147771E247D073E00D12C60 /* Gilam-Bold.ttf */ = {isa = PBXFileReference; lastKnownFileType = file; path = "Gilam-Bold.ttf"; sourceTree = "<group>"; };
		F147771F247D073E00D12C60 /* Gilam-Light.ttf */ = {isa = PBXFileReference; lastKnownFileType = file; path = "Gilam-Light.ttf"; sourceTree = "<group>"; };
		F1477722247D0C3200D12C60 /* Muli-Bold.ttf */ = {isa = PBXFileReference; lastKnownFileType = file; path = "Muli-Bold.ttf"; sourceTree = "<group>"; };
		F1477724247D1FE100D12C60 /* Muli-Regular.ttf */ = {isa = PBXFileReference; lastKnownFileType = file; path = "Muli-Regular.ttf"; sourceTree = "<group>"; };
		F1477728247D2AFF00D12C60 /* Muli-Medium.ttf */ = {isa = PBXFileReference; lastKnownFileType = file; path = "Muli-Medium.ttf"; sourceTree = "<group>"; };
		F1477729247D2AFF00D12C60 /* Muli-SemiBoldItalic.ttf */ = {isa = PBXFileReference; lastKnownFileType = file; path = "Muli-SemiBoldItalic.ttf"; sourceTree = "<group>"; };
		F147772A247D2AFF00D12C60 /* Muli-SemiBold.ttf */ = {isa = PBXFileReference; lastKnownFileType = file; path = "Muli-SemiBold.ttf"; sourceTree = "<group>"; };
		F147772B247D2AFF00D12C60 /* Muli-MediumItalic.ttf */ = {isa = PBXFileReference; lastKnownFileType = file; path = "Muli-MediumItalic.ttf"; sourceTree = "<group>"; };
		F147772C247D2AFF00D12C60 /* Muli-BoldItalic.ttf */ = {isa = PBXFileReference; lastKnownFileType = file; path = "Muli-BoldItalic.ttf"; sourceTree = "<group>"; };
		F147772D247D2AFF00D12C60 /* Muli-ExtraLight.ttf */ = {isa = PBXFileReference; lastKnownFileType = file; path = "Muli-ExtraLight.ttf"; sourceTree = "<group>"; };
		F147772E247D2B0000D12C60 /* Muli-BlackItalic.ttf */ = {isa = PBXFileReference; lastKnownFileType = file; path = "Muli-BlackItalic.ttf"; sourceTree = "<group>"; };
		F147772F247D2B0000D12C60 /* Muli-LightItalic.ttf */ = {isa = PBXFileReference; lastKnownFileType = file; path = "Muli-LightItalic.ttf"; sourceTree = "<group>"; };
		F1477730247D2B0000D12C60 /* Muli-ExtraLightItalic.ttf */ = {isa = PBXFileReference; lastKnownFileType = file; path = "Muli-ExtraLightItalic.ttf"; sourceTree = "<group>"; };
		F1477731247D2B0000D12C60 /* Muli-Black.ttf */ = {isa = PBXFileReference; lastKnownFileType = file; path = "Muli-Black.ttf"; sourceTree = "<group>"; };
		F1477732247D2B0000D12C60 /* Muli-ExtraBoldItalic.ttf */ = {isa = PBXFileReference; lastKnownFileType = file; path = "Muli-ExtraBoldItalic.ttf"; sourceTree = "<group>"; };
		F1477733247D2B0000D12C60 /* Muli-Italic.ttf */ = {isa = PBXFileReference; lastKnownFileType = file; path = "Muli-Italic.ttf"; sourceTree = "<group>"; };
		F1477734247D2B0000D12C60 /* Muli-ExtraBold.ttf */ = {isa = PBXFileReference; lastKnownFileType = file; path = "Muli-ExtraBold.ttf"; sourceTree = "<group>"; };
		F1477735247D2B0000D12C60 /* Muli-Light.ttf */ = {isa = PBXFileReference; lastKnownFileType = file; path = "Muli-Light.ttf"; sourceTree = "<group>"; };
		F14D5FB7244E11D600266A68 /* SetMelodyViewController.swift */ = {isa = PBXFileReference; lastKnownFileType = sourcecode.swift; path = SetMelodyViewController.swift; sourceTree = "<group>"; };
		F14EF8AB24766537006A40D8 /* NotificationExtension.swift */ = {isa = PBXFileReference; lastKnownFileType = sourcecode.swift; path = NotificationExtension.swift; sourceTree = "<group>"; };
		F15526C3244A060300741E80 /* Alarm.swift */ = {isa = PBXFileReference; lastKnownFileType = sourcecode.swift; path = Alarm.swift; sourceTree = "<group>"; };
		F15590FC245EF27300928589 /* Melody.swift */ = {isa = PBXFileReference; lastKnownFileType = sourcecode.swift; path = Melody.swift; sourceTree = "<group>"; };
		F15C1AB92461734A00F47CCC /* AlarmScheduler.swift */ = {isa = PBXFileReference; lastKnownFileType = sourcecode.swift; path = AlarmScheduler.swift; sourceTree = "<group>"; };
		F17ABEDF2447089F008E9227 /* Bonzei.app */ = {isa = PBXFileReference; explicitFileType = wrapper.application; includeInIndex = 0; path = Bonzei.app; sourceTree = BUILT_PRODUCTS_DIR; };
		F17ABEE22447089F008E9227 /* AppDelegate.swift */ = {isa = PBXFileReference; lastKnownFileType = sourcecode.swift; path = AppDelegate.swift; sourceTree = "<group>"; };
		F17ABEE42447089F008E9227 /* SceneDelegate.swift */ = {isa = PBXFileReference; lastKnownFileType = sourcecode.swift; path = SceneDelegate.swift; sourceTree = "<group>"; };
		F17ABEE62447089F008E9227 /* WakeUpViewController.swift */ = {isa = PBXFileReference; lastKnownFileType = sourcecode.swift; path = WakeUpViewController.swift; sourceTree = "<group>"; };
		F17ABEE82447089F008E9227 /* SecondViewController.swift */ = {isa = PBXFileReference; lastKnownFileType = sourcecode.swift; path = SecondViewController.swift; sourceTree = "<group>"; };
		F17ABEEB2447089F008E9227 /* Base */ = {isa = PBXFileReference; lastKnownFileType = file.storyboard; name = Base; path = Base.lproj/Main.storyboard; sourceTree = "<group>"; };
		F17ABEEE2447089F008E9227 /* Bonzei.xcdatamodel */ = {isa = PBXFileReference; lastKnownFileType = wrapper.xcdatamodel; path = Bonzei.xcdatamodel; sourceTree = "<group>"; };
		F17ABEF0244708A2008E9227 /* Assets.xcassets */ = {isa = PBXFileReference; lastKnownFileType = folder.assetcatalog; path = Assets.xcassets; sourceTree = "<group>"; };
		F17ABEF3244708A2008E9227 /* Base */ = {isa = PBXFileReference; lastKnownFileType = file.storyboard; name = Base; path = Base.lproj/LaunchScreen.storyboard; sourceTree = "<group>"; };
		F17ABEF5244708A2008E9227 /* Info.plist */ = {isa = PBXFileReference; lastKnownFileType = text.plist.xml; path = Info.plist; sourceTree = "<group>"; };
		F17ABEFA244708A2008E9227 /* BonzeiTests.xctest */ = {isa = PBXFileReference; explicitFileType = wrapper.cfbundle; includeInIndex = 0; path = BonzeiTests.xctest; sourceTree = BUILT_PRODUCTS_DIR; };
		F17ABEFE244708A2008E9227 /* BonzeiTests.swift */ = {isa = PBXFileReference; lastKnownFileType = sourcecode.swift; path = BonzeiTests.swift; sourceTree = "<group>"; };
		F17ABF00244708A2008E9227 /* Info.plist */ = {isa = PBXFileReference; lastKnownFileType = text.plist.xml; path = Info.plist; sourceTree = "<group>"; };
		F1804BC524486ACA00FF4197 /* AlarmsTableDataSource.swift */ = {isa = PBXFileReference; lastKnownFileType = sourcecode.swift; path = AlarmsTableDataSource.swift; sourceTree = "<group>"; };
		F18A325E244EF13B00162D1B /* MelodiesTableDataSource.swift */ = {isa = PBXFileReference; lastKnownFileType = sourcecode.swift; path = MelodiesTableDataSource.swift; sourceTree = "<group>"; };
		F18A86EA247949C000C5597C /* alarm.mp3 */ = {isa = PBXFileReference; lastKnownFileType = audio.mp3; path = alarm.mp3; sourceTree = "<group>"; };
		F195A8E624850F81009D54A3 /* PickerVIew.swift */ = {isa = PBXFileReference; fileEncoding = 4; lastKnownFileType = sourcecode.swift; path = PickerVIew.swift; sourceTree = "<group>"; };
		F195A8E724850F81009D54A3 /* TimePickerDelegate.swift */ = {isa = PBXFileReference; fileEncoding = 4; lastKnownFileType = sourcecode.swift; path = TimePickerDelegate.swift; sourceTree = "<group>"; };
		F195A8E824850F81009D54A3 /* WraparoundPickerView.swift */ = {isa = PBXFileReference; fileEncoding = 4; lastKnownFileType = sourcecode.swift; path = WraparoundPickerView.swift; sourceTree = "<group>"; };
		F195A8E924850F81009D54A3 /* TimePicker.swift */ = {isa = PBXFileReference; fileEncoding = 4; lastKnownFileType = sourcecode.swift; path = TimePicker.swift; sourceTree = "<group>"; };
		F195A8EA24850F81009D54A3 /* PickerViewDelegate.swift */ = {isa = PBXFileReference; fileEncoding = 4; lastKnownFileType = sourcecode.swift; path = PickerViewDelegate.swift; sourceTree = "<group>"; };
		F1A26FA5247284A300A13B3C /* DismissAlarmViewController.swift */ = {isa = PBXFileReference; lastKnownFileType = sourcecode.swift; path = DismissAlarmViewController.swift; sourceTree = "<group>"; };
		F1AB936D2465EFFD008FAA1D /* Constants.swift */ = {isa = PBXFileReference; lastKnownFileType = sourcecode.swift; path = Constants.swift; sourceTree = "<group>"; };
		F1BC60D2247FE7AF00BB6CB0 /* GradientView.swift */ = {isa = PBXFileReference; lastKnownFileType = sourcecode.swift; path = GradientView.swift; sourceTree = "<group>"; };
		F1C76B6B247EBDBF0099F1F1 /* BonzeiClock.swift */ = {isa = PBXFileReference; lastKnownFileType = sourcecode.swift; path = BonzeiClock.swift; sourceTree = "<group>"; };
		F1C76B6D247ED7CD0099F1F1 /* DoubleExtension.swift */ = {isa = PBXFileReference; lastKnownFileType = sourcecode.swift; path = DoubleExtension.swift; sourceTree = "<group>"; };
		F1D298FE247D74A500D25238 /* RoundedButton.swift */ = {isa = PBXFileReference; lastKnownFileType = sourcecode.swift; path = RoundedButton.swift; sourceTree = "<group>"; };
		F1F83E1D2472F7490072630A /* RootViewViewController.swift */ = {isa = PBXFileReference; lastKnownFileType = sourcecode.swift; path = RootViewViewController.swift; sourceTree = "<group>"; };
		F1F83E212472FD0C0072630A /* AlarmSchedulerDelegate.swift */ = {isa = PBXFileReference; lastKnownFileType = sourcecode.swift; path = AlarmSchedulerDelegate.swift; sourceTree = "<group>"; };
		F1FF6CE62469B26C00B07237 /* AlarmPersistenceService.swift */ = {isa = PBXFileReference; lastKnownFileType = sourcecode.swift; path = AlarmPersistenceService.swift; sourceTree = "<group>"; };
/* End PBXFileReference section */

/* Begin PBXFrameworksBuildPhase section */
		F17ABEDC2447089F008E9227 /* Frameworks */ = {
			isa = PBXFrameworksBuildPhase;
			buildActionMask = 2147483647;
			files = (
			);
			runOnlyForDeploymentPostprocessing = 0;
		};
		F17ABEF7244708A2008E9227 /* Frameworks */ = {
			isa = PBXFrameworksBuildPhase;
			buildActionMask = 2147483647;
			files = (
			);
			runOnlyForDeploymentPostprocessing = 0;
		};
/* End PBXFrameworksBuildPhase section */

/* Begin PBXGroup section */
		F10B5CA4248558730042D915 /* BonzeiClock */ = {
			isa = PBXGroup;
			children = (
				F10B5CA52485588C0042D915 /* BonzeiClockFace.swift */,
				F1C76B6B247EBDBF0099F1F1 /* BonzeiClock.swift */,
			);
			path = BonzeiClock;
			sourceTree = "<group>";
		};
		F11E3F1C244EFEF400CF6B4A /* Controllers */ = {
			isa = PBXGroup;
			children = (
				F17ABEE62447089F008E9227 /* WakeUpViewController.swift */,
				F118BED324478FAD00C38981 /* SetAlarmViewController.swift */,
				F14D5FB7244E11D600266A68 /* SetMelodyViewController.swift */,
				F1A26FA5247284A300A13B3C /* DismissAlarmViewController.swift */,
				F1F83E1D2472F7490072630A /* RootViewViewController.swift */,
			);
			path = Controllers;
			sourceTree = "<group>";
		};
		F11E3F1D244EFFE400CF6B4A /* TableDataSources */ = {
			isa = PBXGroup;
			children = (
				F1804BC524486ACA00FF4197 /* AlarmsTableDataSource.swift */,
				F18A325E244EF13B00162D1B /* MelodiesTableDataSource.swift */,
			);
			path = TableDataSources;
			sourceTree = "<group>";
		};
		F1421C242454B6BF003D226A /* Controls */ = {
			isa = PBXGroup;
			children = (
				F10B5CA4248558730042D915 /* BonzeiClock */,
				F195A8E524850ED6009D54A3 /* TimePicker */,
				F1421C252454B710003D226A /* DayOfWeekPicker.swift */,
				F1329B172460912300E7F7A2 /* OvalButton.swift */,
				F1D298FE247D74A500D25238 /* RoundedButton.swift */,
				F1BC60D2247FE7AF00BB6CB0 /* GradientView.swift */,
			);
			path = Controls;
			sourceTree = "<group>";
		};
		F142BDE224704CBF00B5857C /* Extensions */ = {
			isa = PBXGroup;
			children = (
				F142BDE324704CF200B5857C /* DateExtension.swift */,
				F14EF8AB24766537006A40D8 /* NotificationExtension.swift */,
				F1C76B6D247ED7CD0099F1F1 /* DoubleExtension.swift */,
			);
			path = Extensions;
			sourceTree = "<group>";
		};
		F147771D247D070300D12C60 /* Fonts */ = {
			isa = PBXGroup;
			children = (
				F1477731247D2B0000D12C60 /* Muli-Black.ttf */,
				F147772E247D2B0000D12C60 /* Muli-BlackItalic.ttf */,
				F147772C247D2AFF00D12C60 /* Muli-BoldItalic.ttf */,
				F1477734247D2B0000D12C60 /* Muli-ExtraBold.ttf */,
				F1477732247D2B0000D12C60 /* Muli-ExtraBoldItalic.ttf */,
				F147772D247D2AFF00D12C60 /* Muli-ExtraLight.ttf */,
				F1477730247D2B0000D12C60 /* Muli-ExtraLightItalic.ttf */,
				F1477733247D2B0000D12C60 /* Muli-Italic.ttf */,
				F1477735247D2B0000D12C60 /* Muli-Light.ttf */,
				F147772F247D2B0000D12C60 /* Muli-LightItalic.ttf */,
				F1477728247D2AFF00D12C60 /* Muli-Medium.ttf */,
				F147772B247D2AFF00D12C60 /* Muli-MediumItalic.ttf */,
				F147772A247D2AFF00D12C60 /* Muli-SemiBold.ttf */,
				F1477729247D2AFF00D12C60 /* Muli-SemiBoldItalic.ttf */,
				F1477724247D1FE100D12C60 /* Muli-Regular.ttf */,
				F1477722247D0C3200D12C60 /* Muli-Bold.ttf */,
				F147771E247D073E00D12C60 /* Gilam-Bold.ttf */,
				F147771F247D073E00D12C60 /* Gilam-Light.ttf */,
			);
			path = Fonts;
			sourceTree = "<group>";
		};
		F15526C2244A01E900741E80 /* Models */ = {
			isa = PBXGroup;
			children = (
				F15526C3244A060300741E80 /* Alarm.swift */,
				F15590FC245EF27300928589 /* Melody.swift */,
				F1FF6CE62469B26C00B07237 /* AlarmPersistenceService.swift */,
			);
			path = Models;
			sourceTree = "<group>";
		};
		F15590F7245EE3F400928589 /* SoundFiles */ = {
			isa = PBXGroup;
			children = (
				F18A86EA247949C000C5597C /* alarm.mp3 */,
				F1368DA3246065B200BBFC39 /* Forest Light Rays.mp3 */,
				F1368D9F246063F900BBFC39 /* Ambient Sea Waves.mp3 */,
				F1368D9D246063F900BBFC39 /* Endorphin Birds.mp3 */,
				F1368D9E246063F900BBFC39 /* Midnight Moon.mp3 */,
			);
			path = SoundFiles;
			sourceTree = "<group>";
		};
		F15C1AB82461731800F47CCC /* AlarmScheduler */ = {
			isa = PBXGroup;
			children = (
				F15C1AB92461734A00F47CCC /* AlarmScheduler.swift */,
				F127AC542468265B007F9734 /* HeartBeatService.swift */,
				F1F83E212472FD0C0072630A /* AlarmSchedulerDelegate.swift */,
			);
			path = AlarmScheduler;
			sourceTree = "<group>";
		};
		F17ABED62447089F008E9227 = {
			isa = PBXGroup;
			children = (
				F17ABEE12447089F008E9227 /* Bonzei */,
				F17ABEFD244708A2008E9227 /* BonzeiTests */,
				F17ABEE02447089F008E9227 /* Products */,
			);
			sourceTree = "<group>";
		};
		F17ABEE02447089F008E9227 /* Products */ = {
			isa = PBXGroup;
			children = (
				F17ABEDF2447089F008E9227 /* Bonzei.app */,
				F17ABEFA244708A2008E9227 /* BonzeiTests.xctest */,
			);
			name = Products;
			sourceTree = "<group>";
		};
		F17ABEE12447089F008E9227 /* Bonzei */ = {
			isa = PBXGroup;
			children = (
				F147771D247D070300D12C60 /* Fonts */,
				F142BDE224704CBF00B5857C /* Extensions */,
				F1AB936C2465EFE1008FAA1D /* Constants */,
				F15C1AB82461731800F47CCC /* AlarmScheduler */,
				F15590F7245EE3F400928589 /* SoundFiles */,
				F1421C242454B6BF003D226A /* Controls */,
				F11E3F1D244EFFE400CF6B4A /* TableDataSources */,
				F11E3F1C244EFEF400CF6B4A /* Controllers */,
				F15526C2244A01E900741E80 /* Models */,
				F17ABEE22447089F008E9227 /* AppDelegate.swift */,
				F17ABEE42447089F008E9227 /* SceneDelegate.swift */,
				F17ABEE82447089F008E9227 /* SecondViewController.swift */,
				F17ABEEA2447089F008E9227 /* Main.storyboard */,
				F17ABEF0244708A2008E9227 /* Assets.xcassets */,
				F17ABEF2244708A2008E9227 /* LaunchScreen.storyboard */,
				F17ABEF5244708A2008E9227 /* Info.plist */,
				F17ABEED2447089F008E9227 /* Bonzei.xcdatamodeld */,
			);
			path = Bonzei;
			sourceTree = "<group>";
		};
		F17ABEFD244708A2008E9227 /* BonzeiTests */ = {
			isa = PBXGroup;
			children = (
				F17ABEFE244708A2008E9227 /* BonzeiTests.swift */,
				F17ABF00244708A2008E9227 /* Info.plist */,
			);
			path = BonzeiTests;
			sourceTree = "<group>";
		};
		F195A8E524850ED6009D54A3 /* TimePicker */ = {
			isa = PBXGroup;
			children = (
				F195A8E624850F81009D54A3 /* PickerVIew.swift */,
				F195A8EA24850F81009D54A3 /* PickerViewDelegate.swift */,
				F195A8E924850F81009D54A3 /* TimePicker.swift */,
				F195A8E724850F81009D54A3 /* TimePickerDelegate.swift */,
				F195A8E824850F81009D54A3 /* WraparoundPickerView.swift */,
			);
			path = TimePicker;
			sourceTree = "<group>";
		};
		F1AB936C2465EFE1008FAA1D /* Constants */ = {
			isa = PBXGroup;
			children = (
				F1AB936D2465EFFD008FAA1D /* Constants.swift */,
			);
			path = Constants;
			sourceTree = "<group>";
		};
/* End PBXGroup section */

/* Begin PBXNativeTarget section */
		F17ABEDE2447089F008E9227 /* Bonzei */ = {
			isa = PBXNativeTarget;
			buildConfigurationList = F17ABF03244708A2008E9227 /* Build configuration list for PBXNativeTarget "Bonzei" */;
			buildPhases = (
				F17ABEDB2447089F008E9227 /* Sources */,
				F17ABEDC2447089F008E9227 /* Frameworks */,
				F17ABEDD2447089F008E9227 /* Resources */,
			);
			buildRules = (
			);
			dependencies = (
			);
			name = Bonzei;
			productName = Bonzei;
			productReference = F17ABEDF2447089F008E9227 /* Bonzei.app */;
			productType = "com.apple.product-type.application";
		};
		F17ABEF9244708A2008E9227 /* BonzeiTests */ = {
			isa = PBXNativeTarget;
			buildConfigurationList = F17ABF06244708A2008E9227 /* Build configuration list for PBXNativeTarget "BonzeiTests" */;
			buildPhases = (
				F17ABEF6244708A2008E9227 /* Sources */,
				F17ABEF7244708A2008E9227 /* Frameworks */,
				F17ABEF8244708A2008E9227 /* Resources */,
			);
			buildRules = (
			);
			dependencies = (
				F17ABEFC244708A2008E9227 /* PBXTargetDependency */,
			);
			name = BonzeiTests;
			productName = BonzeiTests;
			productReference = F17ABEFA244708A2008E9227 /* BonzeiTests.xctest */;
			productType = "com.apple.product-type.bundle.unit-test";
		};
/* End PBXNativeTarget section */

/* Begin PBXProject section */
		F17ABED72447089F008E9227 /* Project object */ = {
			isa = PBXProject;
			attributes = {
				LastSwiftUpdateCheck = 1130;
				LastUpgradeCheck = 1130;
				ORGANIZATIONNAME = bonzei.app;
				TargetAttributes = {
					F17ABEDE2447089F008E9227 = {
						CreatedOnToolsVersion = 11.3.1;
					};
					F17ABEF9244708A2008E9227 = {
						CreatedOnToolsVersion = 11.3.1;
						TestTargetID = F17ABEDE2447089F008E9227;
					};
				};
			};
			buildConfigurationList = F17ABEDA2447089F008E9227 /* Build configuration list for PBXProject "Bonzei" */;
			compatibilityVersion = "Xcode 9.3";
			developmentRegion = en;
			hasScannedForEncodings = 0;
			knownRegions = (
				en,
				Base,
			);
			mainGroup = F17ABED62447089F008E9227;
			productRefGroup = F17ABEE02447089F008E9227 /* Products */;
			projectDirPath = "";
			projectRoot = "";
			targets = (
				F17ABEDE2447089F008E9227 /* Bonzei */,
				F17ABEF9244708A2008E9227 /* BonzeiTests */,
			);
		};
/* End PBXProject section */

/* Begin PBXResourcesBuildPhase section */
		F17ABEDD2447089F008E9227 /* Resources */ = {
			isa = PBXResourcesBuildPhase;
			buildActionMask = 2147483647;
			files = (
				F17ABEF4244708A2008E9227 /* LaunchScreen.storyboard in Resources */,
				F1368DA4246065B200BBFC39 /* Forest Light Rays.mp3 in Resources */,
				F1368DA0246063FA00BBFC39 /* Endorphin Birds.mp3 in Resources */,
				F147773C247D2B0000D12C60 /* Muli-BlackItalic.ttf in Resources */,
				F1368DA2246063FA00BBFC39 /* Ambient Sea Waves.mp3 in Resources */,
				F18A86EB247949C000C5597C /* alarm.mp3 in Resources */,
				F1477740247D2B0000D12C60 /* Muli-ExtraBoldItalic.ttf in Resources */,
				F147773D247D2B0000D12C60 /* Muli-LightItalic.ttf in Resources */,
				F17ABEF1244708A2008E9227 /* Assets.xcassets in Resources */,
				F147773E247D2B0000D12C60 /* Muli-ExtraLightItalic.ttf in Resources */,
				F1477725247D1FE100D12C60 /* Muli-Regular.ttf in Resources */,
				F1368DA1246063FA00BBFC39 /* Midnight Moon.mp3 in Resources */,
				F147773A247D2B0000D12C60 /* Muli-BoldItalic.ttf in Resources */,
				F1477741247D2B0000D12C60 /* Muli-Italic.ttf in Resources */,
				F17ABEEC2447089F008E9227 /* Main.storyboard in Resources */,
				F147773F247D2B0000D12C60 /* Muli-Black.ttf in Resources */,
				F1477738247D2B0000D12C60 /* Muli-SemiBold.ttf in Resources */,
				F1477723247D0C3200D12C60 /* Muli-Bold.ttf in Resources */,
				F1477721247D073E00D12C60 /* Gilam-Light.ttf in Resources */,
				F147773B247D2B0000D12C60 /* Muli-ExtraLight.ttf in Resources */,
				F1477743247D2B0000D12C60 /* Muli-Light.ttf in Resources */,
				F1477742247D2B0000D12C60 /* Muli-ExtraBold.ttf in Resources */,
				F1477739247D2B0000D12C60 /* Muli-MediumItalic.ttf in Resources */,
				F1477736247D2B0000D12C60 /* Muli-Medium.ttf in Resources */,
				F1477737247D2B0000D12C60 /* Muli-SemiBoldItalic.ttf in Resources */,
				F1477720247D073E00D12C60 /* Gilam-Bold.ttf in Resources */,
			);
			runOnlyForDeploymentPostprocessing = 0;
		};
		F17ABEF8244708A2008E9227 /* Resources */ = {
			isa = PBXResourcesBuildPhase;
			buildActionMask = 2147483647;
			files = (
			);
			runOnlyForDeploymentPostprocessing = 0;
		};
/* End PBXResourcesBuildPhase section */

/* Begin PBXSourcesBuildPhase section */
		F17ABEDB2447089F008E9227 /* Sources */ = {
			isa = PBXSourcesBuildPhase;
			buildActionMask = 2147483647;
			files = (
				F195A8ED24850F81009D54A3 /* WraparoundPickerView.swift in Sources */,
				F1FF6CE72469B26C00B07237 /* AlarmPersistenceService.swift in Sources */,
				F15C1ABA2461734A00F47CCC /* AlarmScheduler.swift in Sources */,
				F17ABEE92447089F008E9227 /* SecondViewController.swift in Sources */,
				F17ABEE72447089F008E9227 /* WakeUpViewController.swift in Sources */,
				F18A325F244EF13B00162D1B /* MelodiesTableDataSource.swift in Sources */,
				F1D298FF247D74A500D25238 /* RoundedButton.swift in Sources */,
				F1A26FA6247284A300A13B3C /* DismissAlarmViewController.swift in Sources */,
				F17ABEE32447089F008E9227 /* AppDelegate.swift in Sources */,
				F1C76B6E247ED7CD0099F1F1 /* DoubleExtension.swift in Sources */,
				F15526C4244A060300741E80 /* Alarm.swift in Sources */,
				F195A8EB24850F81009D54A3 /* PickerVIew.swift in Sources */,
				F195A8EC24850F81009D54A3 /* TimePickerDelegate.swift in Sources */,
				F1BC60D3247FE7AF00BB6CB0 /* GradientView.swift in Sources */,
				F127AC552468265B007F9734 /* HeartBeatService.swift in Sources */,
				F1329B182460912300E7F7A2 /* OvalButton.swift in Sources */,
				F1F83E222472FD0C0072630A /* AlarmSchedulerDelegate.swift in Sources */,
				F15590FD245EF27300928589 /* Melody.swift in Sources */,
				F10B5CA62485588C0042D915 /* BonzeiClockFace.swift in Sources */,
				F14EF8AC24766537006A40D8 /* NotificationExtension.swift in Sources */,
				F118BED424478FAD00C38981 /* SetAlarmViewController.swift in Sources */,
				F17ABEE52447089F008E9227 /* SceneDelegate.swift in Sources */,
				F1F83E1E2472F7490072630A /* RootViewViewController.swift in Sources */,
				F195A8EF24850F81009D54A3 /* PickerViewDelegate.swift in Sources */,
				F1AB936E2465EFFD008FAA1D /* Constants.swift in Sources */,
				F142BDE424704CF200B5857C /* DateExtension.swift in Sources */,
				F195A8EE24850F81009D54A3 /* TimePicker.swift in Sources */,
				F14D5FB8244E11D600266A68 /* SetMelodyViewController.swift in Sources */,
				F1421C262454B710003D226A /* DayOfWeekPicker.swift in Sources */,
				F17ABEEF2447089F008E9227 /* Bonzei.xcdatamodeld in Sources */,
				F1804BC624486ACA00FF4197 /* AlarmsTableDataSource.swift in Sources */,
				F1C76B6C247EBDBF0099F1F1 /* BonzeiClock.swift in Sources */,
			);
			runOnlyForDeploymentPostprocessing = 0;
		};
		F17ABEF6244708A2008E9227 /* Sources */ = {
			isa = PBXSourcesBuildPhase;
			buildActionMask = 2147483647;
			files = (
				F17ABEFF244708A2008E9227 /* BonzeiTests.swift in Sources */,
				F142BDE524704CF200B5857C /* DateExtension.swift in Sources */,
				F1A608BD24713C00008A45EF /* Alarm.swift in Sources */,
				F1A608BE24716416008A45EF /* AlarmScheduler.swift in Sources */,
			);
			runOnlyForDeploymentPostprocessing = 0;
		};
/* End PBXSourcesBuildPhase section */

/* Begin PBXTargetDependency section */
		F17ABEFC244708A2008E9227 /* PBXTargetDependency */ = {
			isa = PBXTargetDependency;
			target = F17ABEDE2447089F008E9227 /* Bonzei */;
			targetProxy = F17ABEFB244708A2008E9227 /* PBXContainerItemProxy */;
		};
/* End PBXTargetDependency section */

/* Begin PBXVariantGroup section */
		F17ABEEA2447089F008E9227 /* Main.storyboard */ = {
			isa = PBXVariantGroup;
			children = (
				F17ABEEB2447089F008E9227 /* Base */,
			);
			name = Main.storyboard;
			sourceTree = "<group>";
		};
		F17ABEF2244708A2008E9227 /* LaunchScreen.storyboard */ = {
			isa = PBXVariantGroup;
			children = (
				F17ABEF3244708A2008E9227 /* Base */,
			);
			name = LaunchScreen.storyboard;
			sourceTree = "<group>";
		};
/* End PBXVariantGroup section */

/* Begin XCBuildConfiguration section */
		F17ABF01244708A2008E9227 /* Debug */ = {
			isa = XCBuildConfiguration;
			buildSettings = {
				ALWAYS_SEARCH_USER_PATHS = NO;
				CLANG_ANALYZER_NONNULL = YES;
				CLANG_ANALYZER_NUMBER_OBJECT_CONVERSION = YES_AGGRESSIVE;
				CLANG_CXX_LANGUAGE_STANDARD = "gnu++14";
				CLANG_CXX_LIBRARY = "libc++";
				CLANG_ENABLE_MODULES = YES;
				CLANG_ENABLE_OBJC_ARC = YES;
				CLANG_ENABLE_OBJC_WEAK = YES;
				CLANG_WARN_BLOCK_CAPTURE_AUTORELEASING = YES;
				CLANG_WARN_BOOL_CONVERSION = YES;
				CLANG_WARN_COMMA = YES;
				CLANG_WARN_CONSTANT_CONVERSION = YES;
				CLANG_WARN_DEPRECATED_OBJC_IMPLEMENTATIONS = YES;
				CLANG_WARN_DIRECT_OBJC_ISA_USAGE = YES_ERROR;
				CLANG_WARN_DOCUMENTATION_COMMENTS = YES;
				CLANG_WARN_EMPTY_BODY = YES;
				CLANG_WARN_ENUM_CONVERSION = YES;
				CLANG_WARN_INFINITE_RECURSION = YES;
				CLANG_WARN_INT_CONVERSION = YES;
				CLANG_WARN_NON_LITERAL_NULL_CONVERSION = YES;
				CLANG_WARN_OBJC_IMPLICIT_RETAIN_SELF = YES;
				CLANG_WARN_OBJC_LITERAL_CONVERSION = YES;
				CLANG_WARN_OBJC_ROOT_CLASS = YES_ERROR;
				CLANG_WARN_RANGE_LOOP_ANALYSIS = YES;
				CLANG_WARN_STRICT_PROTOTYPES = YES;
				CLANG_WARN_SUSPICIOUS_MOVE = YES;
				CLANG_WARN_UNGUARDED_AVAILABILITY = YES_AGGRESSIVE;
				CLANG_WARN_UNREACHABLE_CODE = YES;
				CLANG_WARN__DUPLICATE_METHOD_MATCH = YES;
				COPY_PHASE_STRIP = NO;
				DEBUG_INFORMATION_FORMAT = dwarf;
				ENABLE_STRICT_OBJC_MSGSEND = YES;
				ENABLE_TESTABILITY = YES;
				GCC_C_LANGUAGE_STANDARD = gnu11;
				GCC_DYNAMIC_NO_PIC = NO;
				GCC_NO_COMMON_BLOCKS = YES;
				GCC_OPTIMIZATION_LEVEL = 0;
				GCC_PREPROCESSOR_DEFINITIONS = (
					"DEBUG=1",
					"$(inherited)",
				);
				GCC_WARN_64_TO_32_BIT_CONVERSION = YES;
				GCC_WARN_ABOUT_RETURN_TYPE = YES_ERROR;
				GCC_WARN_UNDECLARED_SELECTOR = YES;
				GCC_WARN_UNINITIALIZED_AUTOS = YES_AGGRESSIVE;
				GCC_WARN_UNUSED_FUNCTION = YES;
				GCC_WARN_UNUSED_VARIABLE = YES;
				IPHONEOS_DEPLOYMENT_TARGET = 13.2;
				MTL_ENABLE_DEBUG_INFO = INCLUDE_SOURCE;
				MTL_FAST_MATH = YES;
				ONLY_ACTIVE_ARCH = YES;
				SDKROOT = iphoneos;
				SWIFT_ACTIVE_COMPILATION_CONDITIONS = DEBUG;
				SWIFT_OPTIMIZATION_LEVEL = "-Onone";
			};
			name = Debug;
		};
		F17ABF02244708A2008E9227 /* Release */ = {
			isa = XCBuildConfiguration;
			buildSettings = {
				ALWAYS_SEARCH_USER_PATHS = NO;
				CLANG_ANALYZER_NONNULL = YES;
				CLANG_ANALYZER_NUMBER_OBJECT_CONVERSION = YES_AGGRESSIVE;
				CLANG_CXX_LANGUAGE_STANDARD = "gnu++14";
				CLANG_CXX_LIBRARY = "libc++";
				CLANG_ENABLE_MODULES = YES;
				CLANG_ENABLE_OBJC_ARC = YES;
				CLANG_ENABLE_OBJC_WEAK = YES;
				CLANG_WARN_BLOCK_CAPTURE_AUTORELEASING = YES;
				CLANG_WARN_BOOL_CONVERSION = YES;
				CLANG_WARN_COMMA = YES;
				CLANG_WARN_CONSTANT_CONVERSION = YES;
				CLANG_WARN_DEPRECATED_OBJC_IMPLEMENTATIONS = YES;
				CLANG_WARN_DIRECT_OBJC_ISA_USAGE = YES_ERROR;
				CLANG_WARN_DOCUMENTATION_COMMENTS = YES;
				CLANG_WARN_EMPTY_BODY = YES;
				CLANG_WARN_ENUM_CONVERSION = YES;
				CLANG_WARN_INFINITE_RECURSION = YES;
				CLANG_WARN_INT_CONVERSION = YES;
				CLANG_WARN_NON_LITERAL_NULL_CONVERSION = YES;
				CLANG_WARN_OBJC_IMPLICIT_RETAIN_SELF = YES;
				CLANG_WARN_OBJC_LITERAL_CONVERSION = YES;
				CLANG_WARN_OBJC_ROOT_CLASS = YES_ERROR;
				CLANG_WARN_RANGE_LOOP_ANALYSIS = YES;
				CLANG_WARN_STRICT_PROTOTYPES = YES;
				CLANG_WARN_SUSPICIOUS_MOVE = YES;
				CLANG_WARN_UNGUARDED_AVAILABILITY = YES_AGGRESSIVE;
				CLANG_WARN_UNREACHABLE_CODE = YES;
				CLANG_WARN__DUPLICATE_METHOD_MATCH = YES;
				COPY_PHASE_STRIP = NO;
				DEBUG_INFORMATION_FORMAT = "dwarf-with-dsym";
				ENABLE_NS_ASSERTIONS = NO;
				ENABLE_STRICT_OBJC_MSGSEND = YES;
				GCC_C_LANGUAGE_STANDARD = gnu11;
				GCC_NO_COMMON_BLOCKS = YES;
				GCC_WARN_64_TO_32_BIT_CONVERSION = YES;
				GCC_WARN_ABOUT_RETURN_TYPE = YES_ERROR;
				GCC_WARN_UNDECLARED_SELECTOR = YES;
				GCC_WARN_UNINITIALIZED_AUTOS = YES_AGGRESSIVE;
				GCC_WARN_UNUSED_FUNCTION = YES;
				GCC_WARN_UNUSED_VARIABLE = YES;
				IPHONEOS_DEPLOYMENT_TARGET = 13.2;
				MTL_ENABLE_DEBUG_INFO = NO;
				MTL_FAST_MATH = YES;
				SDKROOT = iphoneos;
				SWIFT_COMPILATION_MODE = wholemodule;
				SWIFT_OPTIMIZATION_LEVEL = "-O";
				VALIDATE_PRODUCT = YES;
			};
			name = Release;
		};
		F17ABF04244708A2008E9227 /* Debug */ = {
			isa = XCBuildConfiguration;
			buildSettings = {
				ASSETCATALOG_COMPILER_APPICON_NAME = AppIcon;
				CODE_SIGN_STYLE = Automatic;
				CURRENT_PROJECT_VERSION = 12;
				DEVELOPMENT_TEAM = RW79CPXREY;
				INFOPLIST_FILE = Bonzei/Info.plist;
				LD_RUNPATH_SEARCH_PATHS = (
					"$(inherited)",
					"@executable_path/Frameworks",
				);
				PRODUCT_BUNDLE_IDENTIFIER = app.bonzei.Bonzei;
				PRODUCT_NAME = "$(TARGET_NAME)";
				SWIFT_VERSION = 5.0;
				TARGETED_DEVICE_FAMILY = 1;
			};
			name = Debug;
		};
		F17ABF05244708A2008E9227 /* Release */ = {
			isa = XCBuildConfiguration;
			buildSettings = {
				ASSETCATALOG_COMPILER_APPICON_NAME = AppIcon;
				CODE_SIGN_STYLE = Automatic;
				CURRENT_PROJECT_VERSION = 12;
				DEVELOPMENT_TEAM = RW79CPXREY;
				INFOPLIST_FILE = Bonzei/Info.plist;
				LD_RUNPATH_SEARCH_PATHS = (
					"$(inherited)",
					"@executable_path/Frameworks",
				);
				PRODUCT_BUNDLE_IDENTIFIER = app.bonzei.Bonzei;
				PRODUCT_NAME = "$(TARGET_NAME)";
				SWIFT_VERSION = 5.0;
				TARGETED_DEVICE_FAMILY = 1;
			};
			name = Release;
		};
		F17ABF07244708A2008E9227 /* Debug */ = {
			isa = XCBuildConfiguration;
			buildSettings = {
				ALWAYS_EMBED_SWIFT_STANDARD_LIBRARIES = YES;
				BUNDLE_LOADER = "$(TEST_HOST)";
				CODE_SIGN_STYLE = Automatic;
				DEVELOPMENT_TEAM = RW79CPXREY;
				INFOPLIST_FILE = BonzeiTests/Info.plist;
				IPHONEOS_DEPLOYMENT_TARGET = 13.2;
				LD_RUNPATH_SEARCH_PATHS = (
					"$(inherited)",
					"@executable_path/Frameworks",
					"@loader_path/Frameworks",
				);
				PRODUCT_BUNDLE_IDENTIFIER = app.bonzei.BonzeiTests;
				PRODUCT_NAME = "$(TARGET_NAME)";
				SWIFT_VERSION = 5.0;
				TARGETED_DEVICE_FAMILY = "1,2";
				TEST_HOST = "$(BUILT_PRODUCTS_DIR)/Bonzei.app/Bonzei";
			};
			name = Debug;
		};
		F17ABF08244708A2008E9227 /* Release */ = {
			isa = XCBuildConfiguration;
			buildSettings = {
				ALWAYS_EMBED_SWIFT_STANDARD_LIBRARIES = YES;
				BUNDLE_LOADER = "$(TEST_HOST)";
				CODE_SIGN_STYLE = Automatic;
				DEVELOPMENT_TEAM = RW79CPXREY;
				INFOPLIST_FILE = BonzeiTests/Info.plist;
				IPHONEOS_DEPLOYMENT_TARGET = 13.2;
				LD_RUNPATH_SEARCH_PATHS = (
					"$(inherited)",
					"@executable_path/Frameworks",
					"@loader_path/Frameworks",
				);
				PRODUCT_BUNDLE_IDENTIFIER = app.bonzei.BonzeiTests;
				PRODUCT_NAME = "$(TARGET_NAME)";
				SWIFT_VERSION = 5.0;
				TARGETED_DEVICE_FAMILY = "1,2";
				TEST_HOST = "$(BUILT_PRODUCTS_DIR)/Bonzei.app/Bonzei";
			};
			name = Release;
		};
/* End XCBuildConfiguration section */

/* Begin XCConfigurationList section */
		F17ABEDA2447089F008E9227 /* Build configuration list for PBXProject "Bonzei" */ = {
			isa = XCConfigurationList;
			buildConfigurations = (
				F17ABF01244708A2008E9227 /* Debug */,
				F17ABF02244708A2008E9227 /* Release */,
			);
			defaultConfigurationIsVisible = 0;
			defaultConfigurationName = Release;
		};
		F17ABF03244708A2008E9227 /* Build configuration list for PBXNativeTarget "Bonzei" */ = {
			isa = XCConfigurationList;
			buildConfigurations = (
				F17ABF04244708A2008E9227 /* Debug */,
				F17ABF05244708A2008E9227 /* Release */,
			);
			defaultConfigurationIsVisible = 0;
			defaultConfigurationName = Release;
		};
		F17ABF06244708A2008E9227 /* Build configuration list for PBXNativeTarget "BonzeiTests" */ = {
			isa = XCConfigurationList;
			buildConfigurations = (
				F17ABF07244708A2008E9227 /* Debug */,
				F17ABF08244708A2008E9227 /* Release */,
			);
			defaultConfigurationIsVisible = 0;
			defaultConfigurationName = Release;
		};
/* End XCConfigurationList section */

/* Begin XCVersionGroup section */
		F17ABEED2447089F008E9227 /* Bonzei.xcdatamodeld */ = {
			isa = XCVersionGroup;
			children = (
				F17ABEEE2447089F008E9227 /* Bonzei.xcdatamodel */,
			);
			currentVersion = F17ABEEE2447089F008E9227 /* Bonzei.xcdatamodel */;
			path = Bonzei.xcdatamodeld;
			sourceTree = "<group>";
			versionGroupType = wrapper.xcdatamodel;
		};
/* End XCVersionGroup section */
	};
	rootObject = F17ABED72447089F008E9227 /* Project object */;
}
