// !$*UTF8*$!
{
	archiveVersion = 1;
	classes = {
	};
	objectVersion = 51;
	objects = {

/* Begin PBXBuildFile section */
		5D78953AEBB5614006F251A1 /* Pods_BonzeiTests.framework in Frameworks */ = {isa = PBXBuildFile; fileRef = 5452D96417A6D570681ABA72 /* Pods_BonzeiTests.framework */; };
		D08169CFEBC8B3E70EBDF4AC /* Pods_Bonzei.framework in Frameworks */ = {isa = PBXBuildFile; fileRef = 8F6D397B511E4530007BCA40 /* Pods_Bonzei.framework */; };
		F106311F24AC962800CBB9C6 /* FirebaseArticlesProvider.swift in Sources */ = {isa = PBXBuildFile; fileRef = F106311E24AC962700CBB9C6 /* FirebaseArticlesProvider.swift */; };
		F10B5CA62485588C0042D915 /* BonzeiClockFace.swift in Sources */ = {isa = PBXBuildFile; fileRef = F10B5CA52485588C0042D915 /* BonzeiClockFace.swift */; };
		F10C8E5524CF31B1003B26F6 /* PowerModeViewController.swift in Sources */ = {isa = PBXBuildFile; fileRef = F10C8E5424CF31B1003B26F6 /* PowerModeViewController.swift */; };
		F118BED424478FAD00C38981 /* SetAlarmViewController.swift in Sources */ = {isa = PBXBuildFile; fileRef = F118BED324478FAD00C38981 /* SetAlarmViewController.swift */; };
		F1199EBD24B0627D00EA7B3B /* AppVersion.swift in Sources */ = {isa = PBXBuildFile; fileRef = F1199EBC24B0627D00EA7B3B /* AppVersion.swift */; };
		F1199EBF24B0677900EA7B3B /* WebKit.framework in Frameworks */ = {isa = PBXBuildFile; fileRef = F1199EBE24B0677900EA7B3B /* WebKit.framework */; };
		F1199EC324B06FE900EA7B3B /* ArticleView.swift in Sources */ = {isa = PBXBuildFile; fileRef = F1199EC224B06FE900EA7B3B /* ArticleView.swift */; };
		F11BFFE824AE3C8E003A4D45 /* FullArticleViewController.swift in Sources */ = {isa = PBXBuildFile; fileRef = F11BFFE724AE3C8E003A4D45 /* FullArticleViewController.swift */; };
		F11ED05424A4EE12002CA419 /* TimePickerView.swift in Sources */ = {isa = PBXBuildFile; fileRef = F11ED05324A4EE12002CA419 /* TimePickerView.swift */; };
		F127AC552468265B007F9734 /* HeartBeatService.swift in Sources */ = {isa = PBXBuildFile; fileRef = F127AC542468265B007F9734 /* HeartBeatService.swift */; };
		F1329B182460912300E7F7A2 /* OvalButton.swift in Sources */ = {isa = PBXBuildFile; fileRef = F1329B172460912300E7F7A2 /* OvalButton.swift */; };
		F13B355A24DE857D0047DFD6 /* BonzeiClockV3.swift in Sources */ = {isa = PBXBuildFile; fileRef = F13B355924DE857D0047DFD6 /* BonzeiClockV3.swift */; };
		F13B355C24DE95280047DFD6 /* Endorphin Birds.mp3 in Resources */ = {isa = PBXBuildFile; fileRef = F13B355B24DE95280047DFD6 /* Endorphin Birds.mp3 */; };
		F13B355F24DECC250047DFD6 /* CircularProgressView.swift in Sources */ = {isa = PBXBuildFile; fileRef = F13B355E24DECC250047DFD6 /* CircularProgressView.swift */; };
		F1421C262454B710003D226A /* DayOfWeekPicker.swift in Sources */ = {isa = PBXBuildFile; fileRef = F1421C252454B710003D226A /* DayOfWeekPicker.swift */; };
		F142BDE424704CF200B5857C /* DateExtension.swift in Sources */ = {isa = PBXBuildFile; fileRef = F142BDE324704CF200B5857C /* DateExtension.swift */; };
		F142BDE524704CF200B5857C /* DateExtension.swift in Sources */ = {isa = PBXBuildFile; fileRef = F142BDE324704CF200B5857C /* DateExtension.swift */; };
		F1477720247D073E00D12C60 /* Gilam-Bold.ttf in Resources */ = {isa = PBXBuildFile; fileRef = F147771E247D073E00D12C60 /* Gilam-Bold.ttf */; };
		F1477721247D073E00D12C60 /* Gilam-Light.ttf in Resources */ = {isa = PBXBuildFile; fileRef = F147771F247D073E00D12C60 /* Gilam-Light.ttf */; };
		F1477723247D0C3200D12C60 /* Muli-Bold.ttf in Resources */ = {isa = PBXBuildFile; fileRef = F1477722247D0C3200D12C60 /* Muli-Bold.ttf */; };
		F1477725247D1FE100D12C60 /* Muli-Regular.ttf in Resources */ = {isa = PBXBuildFile; fileRef = F1477724247D1FE100D12C60 /* Muli-Regular.ttf */; };
		F1477736247D2B0000D12C60 /* Muli-Medium.ttf in Resources */ = {isa = PBXBuildFile; fileRef = F1477728247D2AFF00D12C60 /* Muli-Medium.ttf */; };
		F1477737247D2B0000D12C60 /* Muli-SemiBoldItalic.ttf in Resources */ = {isa = PBXBuildFile; fileRef = F1477729247D2AFF00D12C60 /* Muli-SemiBoldItalic.ttf */; };
		F1477738247D2B0000D12C60 /* Muli-SemiBold.ttf in Resources */ = {isa = PBXBuildFile; fileRef = F147772A247D2AFF00D12C60 /* Muli-SemiBold.ttf */; };
		F1477739247D2B0000D12C60 /* Muli-MediumItalic.ttf in Resources */ = {isa = PBXBuildFile; fileRef = F147772B247D2AFF00D12C60 /* Muli-MediumItalic.ttf */; };
		F147773A247D2B0000D12C60 /* Muli-BoldItalic.ttf in Resources */ = {isa = PBXBuildFile; fileRef = F147772C247D2AFF00D12C60 /* Muli-BoldItalic.ttf */; };
		F147773B247D2B0000D12C60 /* Muli-ExtraLight.ttf in Resources */ = {isa = PBXBuildFile; fileRef = F147772D247D2AFF00D12C60 /* Muli-ExtraLight.ttf */; };
		F147773C247D2B0000D12C60 /* Muli-BlackItalic.ttf in Resources */ = {isa = PBXBuildFile; fileRef = F147772E247D2B0000D12C60 /* Muli-BlackItalic.ttf */; };
		F147773D247D2B0000D12C60 /* Muli-LightItalic.ttf in Resources */ = {isa = PBXBuildFile; fileRef = F147772F247D2B0000D12C60 /* Muli-LightItalic.ttf */; };
		F147773E247D2B0000D12C60 /* Muli-ExtraLightItalic.ttf in Resources */ = {isa = PBXBuildFile; fileRef = F1477730247D2B0000D12C60 /* Muli-ExtraLightItalic.ttf */; };
		F147773F247D2B0000D12C60 /* Muli-Black.ttf in Resources */ = {isa = PBXBuildFile; fileRef = F1477731247D2B0000D12C60 /* Muli-Black.ttf */; };
		F1477740247D2B0000D12C60 /* Muli-ExtraBoldItalic.ttf in Resources */ = {isa = PBXBuildFile; fileRef = F1477732247D2B0000D12C60 /* Muli-ExtraBoldItalic.ttf */; };
		F1477741247D2B0000D12C60 /* Muli-Italic.ttf in Resources */ = {isa = PBXBuildFile; fileRef = F1477733247D2B0000D12C60 /* Muli-Italic.ttf */; };
		F1477742247D2B0000D12C60 /* Muli-ExtraBold.ttf in Resources */ = {isa = PBXBuildFile; fileRef = F1477734247D2B0000D12C60 /* Muli-ExtraBold.ttf */; };
		F1477743247D2B0000D12C60 /* Muli-Light.ttf in Resources */ = {isa = PBXBuildFile; fileRef = F1477735247D2B0000D12C60 /* Muli-Light.ttf */; };
		F149788224D70A2500E25ECF /* PowerMode.swift in Sources */ = {isa = PBXBuildFile; fileRef = F149788124D70A2500E25ECF /* PowerMode.swift */; };
		F149788624D70DDB00E25ECF /* PowerNap.swift in Sources */ = {isa = PBXBuildFile; fileRef = F149788524D70DDB00E25ECF /* PowerNap.swift */; };
		F149788924D7290400E25ECF /* FirebasePowerNapProvider.swift in Sources */ = {isa = PBXBuildFile; fileRef = F149788824D7290400E25ECF /* FirebasePowerNapProvider.swift */; };
		F149788B24D731F800E25ECF /* PowerNapPersistenceService.swift in Sources */ = {isa = PBXBuildFile; fileRef = F149788A24D731F800E25ECF /* PowerNapPersistenceService.swift */; };
		F14D5FB8244E11D600266A68 /* SetMelodyViewController.swift in Sources */ = {isa = PBXBuildFile; fileRef = F14D5FB7244E11D600266A68 /* SetMelodyViewController.swift */; };
		F14EF8AC24766537006A40D8 /* NotificationExtension.swift in Sources */ = {isa = PBXBuildFile; fileRef = F14EF8AB24766537006A40D8 /* NotificationExtension.swift */; };
		F15526C4244A060300741E80 /* Alarm.swift in Sources */ = {isa = PBXBuildFile; fileRef = F15526C3244A060300741E80 /* Alarm.swift */; };
		F15590FD245EF27300928589 /* Melody.swift in Sources */ = {isa = PBXBuildFile; fileRef = F15590FC245EF27300928589 /* Melody.swift */; };
		F15C1ABA2461734A00F47CCC /* AlarmScheduler.swift in Sources */ = {isa = PBXBuildFile; fileRef = F15C1AB92461734A00F47CCC /* AlarmScheduler.swift */; };
		F15CCF3824D85D20008E4405 /* SoundPickerViewController.swift in Sources */ = {isa = PBXBuildFile; fileRef = F15CCF3724D85D20008E4405 /* SoundPickerViewController.swift */; };
		F1607DAE248AAE5300968586 /* TimerView.swift in Sources */ = {isa = PBXBuildFile; fileRef = F1607DAD248AAE5300968586 /* TimerView.swift */; };
		F16770E0248C0C4E00797F0A /* ClockFaceAndDots.swift in Sources */ = {isa = PBXBuildFile; fileRef = F16770DF248C0C4E00797F0A /* ClockFaceAndDots.swift */; };
		F16770E4248C0D3200797F0A /* BonzeiClockV2.swift in Sources */ = {isa = PBXBuildFile; fileRef = F16770E3248C0D3200797F0A /* BonzeiClockV2.swift */; };
		F17ABEE32447089F008E9227 /* AppDelegate.swift in Sources */ = {isa = PBXBuildFile; fileRef = F17ABEE22447089F008E9227 /* AppDelegate.swift */; };
		F17ABEE52447089F008E9227 /* SceneDelegate.swift in Sources */ = {isa = PBXBuildFile; fileRef = F17ABEE42447089F008E9227 /* SceneDelegate.swift */; };
		F17ABEE72447089F008E9227 /* WakeUpViewController.swift in Sources */ = {isa = PBXBuildFile; fileRef = F17ABEE62447089F008E9227 /* WakeUpViewController.swift */; };
		F17ABEE92447089F008E9227 /* SecondViewController.swift in Sources */ = {isa = PBXBuildFile; fileRef = F17ABEE82447089F008E9227 /* SecondViewController.swift */; };
		F17ABEEC2447089F008E9227 /* Main.storyboard in Resources */ = {isa = PBXBuildFile; fileRef = F17ABEEA2447089F008E9227 /* Main.storyboard */; };
		F17ABEEF2447089F008E9227 /* Bonzei.xcdatamodeld in Sources */ = {isa = PBXBuildFile; fileRef = F17ABEED2447089F008E9227 /* Bonzei.xcdatamodeld */; };
		F17ABEF1244708A2008E9227 /* Assets.xcassets in Resources */ = {isa = PBXBuildFile; fileRef = F17ABEF0244708A2008E9227 /* Assets.xcassets */; };
		F17ABEF4244708A2008E9227 /* LaunchScreen.storyboard in Resources */ = {isa = PBXBuildFile; fileRef = F17ABEF2244708A2008E9227 /* LaunchScreen.storyboard */; };
		F17ABEFF244708A2008E9227 /* BonzeiTests.swift in Sources */ = {isa = PBXBuildFile; fileRef = F17ABEFE244708A2008E9227 /* BonzeiTests.swift */; };
		F17C609E24A38DA80076F49D /* TimePicker.swift in Sources */ = {isa = PBXBuildFile; fileRef = F17C609D24A38DA80076F49D /* TimePicker.swift */; };
		F17D199624AA0EE200633BBC /* ArticlesCollectionViewController.swift in Sources */ = {isa = PBXBuildFile; fileRef = F17D199524AA0EE200633BBC /* ArticlesCollectionViewController.swift */; };
		F17D199824AA654D00633BBC /* Article.swift in Sources */ = {isa = PBXBuildFile; fileRef = F17D199724AA654D00633BBC /* Article.swift */; };
		F17D199A24AA6F2E00633BBC /* ArticlePersistenceService.swift in Sources */ = {isa = PBXBuildFile; fileRef = F17D199924AA6F2E00633BBC /* ArticlePersistenceService.swift */; };
		F17FA50D24B38FD00093E96A /* GoogleService-Info.plist in Resources */ = {isa = PBXBuildFile; fileRef = F17FA50C24B38FD00093E96A /* GoogleService-Info.plist */; };
		F1804BC624486ACA00FF4197 /* AlarmsTableDataSource.swift in Sources */ = {isa = PBXBuildFile; fileRef = F1804BC524486ACA00FF4197 /* AlarmsTableDataSource.swift */; };
		F180E44124AF8C11001F702E /* ArticlesCollectionHeaderView.xib in Resources */ = {isa = PBXBuildFile; fileRef = F180E44024AF8C11001F702E /* ArticlesCollectionHeaderView.xib */; };
		F180E44324AF9592001F702E /* ArticlesCollectionHeaderView.swift in Sources */ = {isa = PBXBuildFile; fileRef = F180E44224AF9592001F702E /* ArticlesCollectionHeaderView.swift */; };
		F18A86EB247949C000C5597C /* alarm.mp3 in Resources */ = {isa = PBXBuildFile; fileRef = F18A86EA247949C000C5597C /* alarm.mp3 */; };
		F195A8EB24850F81009D54A3 /* PickerVIew.swift in Sources */ = {isa = PBXBuildFile; fileRef = F195A8E624850F81009D54A3 /* PickerVIew.swift */; };
		F195A8EC24850F81009D54A3 /* TimePickerDelegate.swift in Sources */ = {isa = PBXBuildFile; fileRef = F195A8E724850F81009D54A3 /* TimePickerDelegate.swift */; };
		F195A8ED24850F81009D54A3 /* WraparoundPickerView.swift in Sources */ = {isa = PBXBuildFile; fileRef = F195A8E824850F81009D54A3 /* WraparoundPickerView.swift */; };
		F195A8EE24850F81009D54A3 /* TimePicker_AM_PM.swift in Sources */ = {isa = PBXBuildFile; fileRef = F195A8E924850F81009D54A3 /* TimePicker_AM_PM.swift */; };
		F195A8EF24850F81009D54A3 /* PickerViewDelegate.swift in Sources */ = {isa = PBXBuildFile; fileRef = F195A8EA24850F81009D54A3 /* PickerViewDelegate.swift */; };
		F1A26FA6247284A300A13B3C /* DismissAlarmViewController.swift in Sources */ = {isa = PBXBuildFile; fileRef = F1A26FA5247284A300A13B3C /* DismissAlarmViewController.swift */; };
		F1A608BD24713C00008A45EF /* Alarm.swift in Sources */ = {isa = PBXBuildFile; fileRef = F15526C3244A060300741E80 /* Alarm.swift */; };
		F1A608BE24716416008A45EF /* AlarmScheduler.swift in Sources */ = {isa = PBXBuildFile; fileRef = F15C1AB92461734A00F47CCC /* AlarmScheduler.swift */; };
		F1AB936E2465EFFD008FAA1D /* Constants.swift in Sources */ = {isa = PBXBuildFile; fileRef = F1AB936D2465EFFD008FAA1D /* Constants.swift */; };
		F1BB762024C7640D00538465 /* Helpers.swift in Sources */ = {isa = PBXBuildFile; fileRef = F1BB761F24C7640D00538465 /* Helpers.swift */; };
		F1BC60D3247FE7AF00BB6CB0 /* GradientView.swift in Sources */ = {isa = PBXBuildFile; fileRef = F1BC60D2247FE7AF00BB6CB0 /* GradientView.swift */; };
		F1BE034124E1437F0020D723 /* Rainforest.mp3 in Resources */ = {isa = PBXBuildFile; fileRef = F1BE034024E1437F0020D723 /* Rainforest.mp3 */; };
		F1C76B6C247EBDBF0099F1F1 /* BonzeiClock.swift in Sources */ = {isa = PBXBuildFile; fileRef = F1C76B6B247EBDBF0099F1F1 /* BonzeiClock.swift */; };
		F1C76B6E247ED7CD0099F1F1 /* DoubleExtension.swift in Sources */ = {isa = PBXBuildFile; fileRef = F1C76B6D247ED7CD0099F1F1 /* DoubleExtension.swift */; };
		F1CA2D4D24AB549100524860 /* ArticlesProvider.swift in Sources */ = {isa = PBXBuildFile; fileRef = F1CA2D4C24AB549100524860 /* ArticlesProvider.swift */; };
		F1CA2D4F24AB55B100524860 /* TestArticleProvider.swift in Sources */ = {isa = PBXBuildFile; fileRef = F1CA2D4E24AB55B100524860 /* TestArticleProvider.swift */; };
		F1CBD48524C4A212006980AF /* TabItem.swift in Sources */ = {isa = PBXBuildFile; fileRef = F1CBD48424C4A212006980AF /* TabItem.swift */; };
		F1CBD48724C4A297006980AF /* BonzeiTabBar.swift in Sources */ = {isa = PBXBuildFile; fileRef = F1CBD48624C4A297006980AF /* BonzeiTabBar.swift */; };
		F1D267F224DF114C002E174B /* SoundTimerDoneViewController.swift in Sources */ = {isa = PBXBuildFile; fileRef = F1D267F124DF114C002E174B /* SoundTimerDoneViewController.swift */; };
		F1D267FD24DF2C25002E174B /* Crystal Vision.mp3 in Resources */ = {isa = PBXBuildFile; fileRef = F1D267F324DF2C1C002E174B /* Crystal Vision.mp3 */; };
		F1D267FE24DF2C25002E174B /* Earth Tribe.mp3 in Resources */ = {isa = PBXBuildFile; fileRef = F1D267F424DF2C1E002E174B /* Earth Tribe.mp3 */; };
		F1D267FF24DF2C25002E174B /* Ocean Cliffs.mp3 in Resources */ = {isa = PBXBuildFile; fileRef = F1D267F524DF2C20002E174B /* Ocean Cliffs.mp3 */; };
		F1D2680024DF2C25002E174B /* 5AM Club.mp3 in Resources */ = {isa = PBXBuildFile; fileRef = F1D267F624DF2C20002E174B /* 5AM Club.mp3 */; };
		F1D2680124DF2C25002E174B /* Sea Horizon.mp3 in Resources */ = {isa = PBXBuildFile; fileRef = F1D267F724DF2C21002E174B /* Sea Horizon.mp3 */; };
		F1D2680224DF2C25002E174B /* Peace of Mind.mp3 in Resources */ = {isa = PBXBuildFile; fileRef = F1D267F824DF2C22002E174B /* Peace of Mind.mp3 */; };
		F1D2680324DF2C25002E174B /* Sky Sailing.mp3 in Resources */ = {isa = PBXBuildFile; fileRef = F1D267F924DF2C22002E174B /* Sky Sailing.mp3 */; };
		F1D2680424DF2C25002E174B /* Into The Source.mp3 in Resources */ = {isa = PBXBuildFile; fileRef = F1D267FA24DF2C23002E174B /* Into The Source.mp3 */; };
		F1D2680524DF2C25002E174B /* Bellflowers Dew.mp3 in Resources */ = {isa = PBXBuildFile; fileRef = F1D267FB24DF2C24002E174B /* Bellflowers Dew.mp3 */; };
		F1D2680624DF2C25002E174B /* Stellar Outflow.mp3 in Resources */ = {isa = PBXBuildFile; fileRef = F1D267FC24DF2C25002E174B /* Stellar Outflow.mp3 */; };
		F1D298FF247D74A500D25238 /* RoundedButton.swift in Sources */ = {isa = PBXBuildFile; fileRef = F1D298FE247D74A500D25238 /* RoundedButton.swift */; };
		F1D2D695248E27C1000DE8D2 /* MovingGradientView.swift in Sources */ = {isa = PBXBuildFile; fileRef = F1D2D694248E27C1000DE8D2 /* MovingGradientView.swift */; };
		F1DCAEA824DBFE1500440581 /* SoundTimerViewController.swift in Sources */ = {isa = PBXBuildFile; fileRef = F1DCAEA724DBFE1500440581 /* SoundTimerViewController.swift */; };
		F1E0FFE224A3757700F75FDF /* TimePicker_24.swift in Sources */ = {isa = PBXBuildFile; fileRef = F1E0FFE124A3757700F75FDF /* TimePicker_24.swift */; };
		F1E40D0A24DFEB4200D0189D /* UIColorExtension.swift in Sources */ = {isa = PBXBuildFile; fileRef = F1E40D0924DFEB4200D0189D /* UIColorExtension.swift */; };
		F1F83E1E2472F7490072630A /* RootViewViewController.swift in Sources */ = {isa = PBXBuildFile; fileRef = F1F83E1D2472F7490072630A /* RootViewViewController.swift */; };
		F1F83E222472FD0C0072630A /* AlarmSchedulerDelegate.swift in Sources */ = {isa = PBXBuildFile; fileRef = F1F83E212472FD0C0072630A /* AlarmSchedulerDelegate.swift */; };
		F1FF6CE72469B26C00B07237 /* AlarmPersistenceService.swift in Sources */ = {isa = PBXBuildFile; fileRef = F1FF6CE62469B26C00B07237 /* AlarmPersistenceService.swift */; };
/* End PBXBuildFile section */

/* Begin PBXContainerItemProxy section */
		F17ABEFB244708A2008E9227 /* PBXContainerItemProxy */ = {
			isa = PBXContainerItemProxy;
			containerPortal = F17ABED72447089F008E9227 /* Project object */;
			proxyType = 1;
			remoteGlobalIDString = F17ABEDE2447089F008E9227;
			remoteInfo = Bonzei;
		};
/* End PBXContainerItemProxy section */

/* Begin PBXFileReference section */
		5452D96417A6D570681ABA72 /* Pods_BonzeiTests.framework */ = {isa = PBXFileReference; explicitFileType = wrapper.framework; includeInIndex = 0; path = Pods_BonzeiTests.framework; sourceTree = BUILT_PRODUCTS_DIR; };
		689D5F7ADEFD7E2AD72E5B08 /* Pods-Bonzei.release.xcconfig */ = {isa = PBXFileReference; includeInIndex = 1; lastKnownFileType = text.xcconfig; name = "Pods-Bonzei.release.xcconfig"; path = "Target Support Files/Pods-Bonzei/Pods-Bonzei.release.xcconfig"; sourceTree = "<group>"; };
		7EB6FEA5EB293EC7B8EC891A /* Pods-BonzeiTests.debug.xcconfig */ = {isa = PBXFileReference; includeInIndex = 1; lastKnownFileType = text.xcconfig; name = "Pods-BonzeiTests.debug.xcconfig"; path = "Target Support Files/Pods-BonzeiTests/Pods-BonzeiTests.debug.xcconfig"; sourceTree = "<group>"; };
		8F6D397B511E4530007BCA40 /* Pods_Bonzei.framework */ = {isa = PBXFileReference; explicitFileType = wrapper.framework; includeInIndex = 0; path = Pods_Bonzei.framework; sourceTree = BUILT_PRODUCTS_DIR; };
		950F93ED70126B3B2F742D3D /* Pods-BonzeiTests.release.xcconfig */ = {isa = PBXFileReference; includeInIndex = 1; lastKnownFileType = text.xcconfig; name = "Pods-BonzeiTests.release.xcconfig"; path = "Target Support Files/Pods-BonzeiTests/Pods-BonzeiTests.release.xcconfig"; sourceTree = "<group>"; };
		F106311E24AC962700CBB9C6 /* FirebaseArticlesProvider.swift */ = {isa = PBXFileReference; lastKnownFileType = sourcecode.swift; path = FirebaseArticlesProvider.swift; sourceTree = "<group>"; };
		F10B5CA52485588C0042D915 /* BonzeiClockFace.swift */ = {isa = PBXFileReference; fileEncoding = 4; lastKnownFileType = sourcecode.swift; path = BonzeiClockFace.swift; sourceTree = "<group>"; };
		F10C8E5424CF31B1003B26F6 /* PowerModeViewController.swift */ = {isa = PBXFileReference; lastKnownFileType = sourcecode.swift; path = PowerModeViewController.swift; sourceTree = "<group>"; };
		F118BED324478FAD00C38981 /* SetAlarmViewController.swift */ = {isa = PBXFileReference; lastKnownFileType = sourcecode.swift; path = SetAlarmViewController.swift; sourceTree = "<group>"; };
		F1199EBC24B0627D00EA7B3B /* AppVersion.swift */ = {isa = PBXFileReference; lastKnownFileType = sourcecode.swift; path = AppVersion.swift; sourceTree = "<group>"; };
		F1199EBE24B0677900EA7B3B /* WebKit.framework */ = {isa = PBXFileReference; lastKnownFileType = wrapper.framework; name = WebKit.framework; path = System/Library/Frameworks/WebKit.framework; sourceTree = SDKROOT; };
		F1199EC224B06FE900EA7B3B /* ArticleView.swift */ = {isa = PBXFileReference; lastKnownFileType = sourcecode.swift; path = ArticleView.swift; sourceTree = "<group>"; };
		F11BFFE724AE3C8E003A4D45 /* FullArticleViewController.swift */ = {isa = PBXFileReference; lastKnownFileType = sourcecode.swift; path = FullArticleViewController.swift; sourceTree = "<group>"; };
		F11ED05324A4EE12002CA419 /* TimePickerView.swift */ = {isa = PBXFileReference; lastKnownFileType = sourcecode.swift; path = TimePickerView.swift; sourceTree = "<group>"; };
		F127AC542468265B007F9734 /* HeartBeatService.swift */ = {isa = PBXFileReference; lastKnownFileType = sourcecode.swift; path = HeartBeatService.swift; sourceTree = "<group>"; };
		F1329B172460912300E7F7A2 /* OvalButton.swift */ = {isa = PBXFileReference; lastKnownFileType = sourcecode.swift; path = OvalButton.swift; sourceTree = "<group>"; };
		F13B355924DE857D0047DFD6 /* BonzeiClockV3.swift */ = {isa = PBXFileReference; lastKnownFileType = sourcecode.swift; path = BonzeiClockV3.swift; sourceTree = "<group>"; };
		F13B355B24DE95280047DFD6 /* Endorphin Birds.mp3 */ = {isa = PBXFileReference; lastKnownFileType = audio.mp3; path = "Endorphin Birds.mp3"; sourceTree = "<group>"; };
		F13B355E24DECC250047DFD6 /* CircularProgressView.swift */ = {isa = PBXFileReference; lastKnownFileType = sourcecode.swift; path = CircularProgressView.swift; sourceTree = "<group>"; };
		F1421C252454B710003D226A /* DayOfWeekPicker.swift */ = {isa = PBXFileReference; lastKnownFileType = sourcecode.swift; path = DayOfWeekPicker.swift; sourceTree = "<group>"; };
		F142BDE324704CF200B5857C /* DateExtension.swift */ = {isa = PBXFileReference; lastKnownFileType = sourcecode.swift; path = DateExtension.swift; sourceTree = "<group>"; };
		F147771E247D073E00D12C60 /* Gilam-Bold.ttf */ = {isa = PBXFileReference; lastKnownFileType = file; path = "Gilam-Bold.ttf"; sourceTree = "<group>"; };
		F147771F247D073E00D12C60 /* Gilam-Light.ttf */ = {isa = PBXFileReference; lastKnownFileType = file; path = "Gilam-Light.ttf"; sourceTree = "<group>"; };
		F1477722247D0C3200D12C60 /* Muli-Bold.ttf */ = {isa = PBXFileReference; lastKnownFileType = file; path = "Muli-Bold.ttf"; sourceTree = "<group>"; };
		F1477724247D1FE100D12C60 /* Muli-Regular.ttf */ = {isa = PBXFileReference; lastKnownFileType = file; path = "Muli-Regular.ttf"; sourceTree = "<group>"; };
		F1477728247D2AFF00D12C60 /* Muli-Medium.ttf */ = {isa = PBXFileReference; lastKnownFileType = file; path = "Muli-Medium.ttf"; sourceTree = "<group>"; };
		F1477729247D2AFF00D12C60 /* Muli-SemiBoldItalic.ttf */ = {isa = PBXFileReference; lastKnownFileType = file; path = "Muli-SemiBoldItalic.ttf"; sourceTree = "<group>"; };
		F147772A247D2AFF00D12C60 /* Muli-SemiBold.ttf */ = {isa = PBXFileReference; lastKnownFileType = file; path = "Muli-SemiBold.ttf"; sourceTree = "<group>"; };
		F147772B247D2AFF00D12C60 /* Muli-MediumItalic.ttf */ = {isa = PBXFileReference; lastKnownFileType = file; path = "Muli-MediumItalic.ttf"; sourceTree = "<group>"; };
		F147772C247D2AFF00D12C60 /* Muli-BoldItalic.ttf */ = {isa = PBXFileReference; lastKnownFileType = file; path = "Muli-BoldItalic.ttf"; sourceTree = "<group>"; };
		F147772D247D2AFF00D12C60 /* Muli-ExtraLight.ttf */ = {isa = PBXFileReference; lastKnownFileType = file; path = "Muli-ExtraLight.ttf"; sourceTree = "<group>"; };
		F147772E247D2B0000D12C60 /* Muli-BlackItalic.ttf */ = {isa = PBXFileReference; lastKnownFileType = file; path = "Muli-BlackItalic.ttf"; sourceTree = "<group>"; };
		F147772F247D2B0000D12C60 /* Muli-LightItalic.ttf */ = {isa = PBXFileReference; lastKnownFileType = file; path = "Muli-LightItalic.ttf"; sourceTree = "<group>"; };
		F1477730247D2B0000D12C60 /* Muli-ExtraLightItalic.ttf */ = {isa = PBXFileReference; lastKnownFileType = file; path = "Muli-ExtraLightItalic.ttf"; sourceTree = "<group>"; };
		F1477731247D2B0000D12C60 /* Muli-Black.ttf */ = {isa = PBXFileReference; lastKnownFileType = file; path = "Muli-Black.ttf"; sourceTree = "<group>"; };
		F1477732247D2B0000D12C60 /* Muli-ExtraBoldItalic.ttf */ = {isa = PBXFileReference; lastKnownFileType = file; path = "Muli-ExtraBoldItalic.ttf"; sourceTree = "<group>"; };
		F1477733247D2B0000D12C60 /* Muli-Italic.ttf */ = {isa = PBXFileReference; lastKnownFileType = file; path = "Muli-Italic.ttf"; sourceTree = "<group>"; };
		F1477734247D2B0000D12C60 /* Muli-ExtraBold.ttf */ = {isa = PBXFileReference; lastKnownFileType = file; path = "Muli-ExtraBold.ttf"; sourceTree = "<group>"; };
		F1477735247D2B0000D12C60 /* Muli-Light.ttf */ = {isa = PBXFileReference; lastKnownFileType = file; path = "Muli-Light.ttf"; sourceTree = "<group>"; };
		F149788124D70A2500E25ECF /* PowerMode.swift */ = {isa = PBXFileReference; lastKnownFileType = sourcecode.swift; path = PowerMode.swift; sourceTree = "<group>"; };
		F149788524D70DDB00E25ECF /* PowerNap.swift */ = {isa = PBXFileReference; lastKnownFileType = sourcecode.swift; path = PowerNap.swift; sourceTree = "<group>"; };
		F149788824D7290400E25ECF /* FirebasePowerNapProvider.swift */ = {isa = PBXFileReference; lastKnownFileType = sourcecode.swift; path = FirebasePowerNapProvider.swift; sourceTree = "<group>"; };
		F149788A24D731F800E25ECF /* PowerNapPersistenceService.swift */ = {isa = PBXFileReference; lastKnownFileType = sourcecode.swift; path = PowerNapPersistenceService.swift; sourceTree = "<group>"; };
		F14D5FB7244E11D600266A68 /* SetMelodyViewController.swift */ = {isa = PBXFileReference; lastKnownFileType = sourcecode.swift; path = SetMelodyViewController.swift; sourceTree = "<group>"; };
		F14EF8AB24766537006A40D8 /* NotificationExtension.swift */ = {isa = PBXFileReference; lastKnownFileType = sourcecode.swift; path = NotificationExtension.swift; sourceTree = "<group>"; };
		F15526C3244A060300741E80 /* Alarm.swift */ = {isa = PBXFileReference; lastKnownFileType = sourcecode.swift; path = Alarm.swift; sourceTree = "<group>"; };
		F15590FC245EF27300928589 /* Melody.swift */ = {isa = PBXFileReference; lastKnownFileType = sourcecode.swift; path = Melody.swift; sourceTree = "<group>"; };
		F15C1AB92461734A00F47CCC /* AlarmScheduler.swift */ = {isa = PBXFileReference; lastKnownFileType = sourcecode.swift; path = AlarmScheduler.swift; sourceTree = "<group>"; };
		F15CCF3724D85D20008E4405 /* SoundPickerViewController.swift */ = {isa = PBXFileReference; lastKnownFileType = sourcecode.swift; path = SoundPickerViewController.swift; sourceTree = "<group>"; };
		F1607DAD248AAE5300968586 /* TimerView.swift */ = {isa = PBXFileReference; lastKnownFileType = sourcecode.swift; path = TimerView.swift; sourceTree = "<group>"; };
		F16770DF248C0C4E00797F0A /* ClockFaceAndDots.swift */ = {isa = PBXFileReference; fileEncoding = 4; lastKnownFileType = sourcecode.swift; path = ClockFaceAndDots.swift; sourceTree = "<group>"; };
		F16770E3248C0D3200797F0A /* BonzeiClockV2.swift */ = {isa = PBXFileReference; lastKnownFileType = sourcecode.swift; path = BonzeiClockV2.swift; sourceTree = "<group>"; };
		F17ABEDF2447089F008E9227 /* Bonzei.app */ = {isa = PBXFileReference; explicitFileType = wrapper.application; includeInIndex = 0; path = Bonzei.app; sourceTree = BUILT_PRODUCTS_DIR; };
		F17ABEE22447089F008E9227 /* AppDelegate.swift */ = {isa = PBXFileReference; lastKnownFileType = sourcecode.swift; path = AppDelegate.swift; sourceTree = "<group>"; };
		F17ABEE42447089F008E9227 /* SceneDelegate.swift */ = {isa = PBXFileReference; lastKnownFileType = sourcecode.swift; path = SceneDelegate.swift; sourceTree = "<group>"; };
		F17ABEE62447089F008E9227 /* WakeUpViewController.swift */ = {isa = PBXFileReference; lastKnownFileType = sourcecode.swift; path = WakeUpViewController.swift; sourceTree = "<group>"; };
		F17ABEE82447089F008E9227 /* SecondViewController.swift */ = {isa = PBXFileReference; lastKnownFileType = sourcecode.swift; path = SecondViewController.swift; sourceTree = "<group>"; };
		F17ABEEB2447089F008E9227 /* Base */ = {isa = PBXFileReference; lastKnownFileType = file.storyboard; name = Base; path = Base.lproj/Main.storyboard; sourceTree = "<group>"; };
		F17ABEEE2447089F008E9227 /* Bonzei.xcdatamodel */ = {isa = PBXFileReference; lastKnownFileType = wrapper.xcdatamodel; path = Bonzei.xcdatamodel; sourceTree = "<group>"; };
		F17ABEF0244708A2008E9227 /* Assets.xcassets */ = {isa = PBXFileReference; lastKnownFileType = folder.assetcatalog; path = Assets.xcassets; sourceTree = "<group>"; };
		F17ABEF3244708A2008E9227 /* Base */ = {isa = PBXFileReference; lastKnownFileType = file.storyboard; name = Base; path = Base.lproj/LaunchScreen.storyboard; sourceTree = "<group>"; };
		F17ABEF5244708A2008E9227 /* Info.plist */ = {isa = PBXFileReference; lastKnownFileType = text.plist.xml; path = Info.plist; sourceTree = "<group>"; };
		F17ABEFA244708A2008E9227 /* BonzeiTests.xctest */ = {isa = PBXFileReference; explicitFileType = wrapper.cfbundle; includeInIndex = 0; path = BonzeiTests.xctest; sourceTree = BUILT_PRODUCTS_DIR; };
		F17ABEFE244708A2008E9227 /* BonzeiTests.swift */ = {isa = PBXFileReference; lastKnownFileType = sourcecode.swift; path = BonzeiTests.swift; sourceTree = "<group>"; };
		F17ABF00244708A2008E9227 /* Info.plist */ = {isa = PBXFileReference; lastKnownFileType = text.plist.xml; path = Info.plist; sourceTree = "<group>"; };
		F17C609D24A38DA80076F49D /* TimePicker.swift */ = {isa = PBXFileReference; lastKnownFileType = sourcecode.swift; path = TimePicker.swift; sourceTree = "<group>"; };
		F17D199524AA0EE200633BBC /* ArticlesCollectionViewController.swift */ = {isa = PBXFileReference; lastKnownFileType = sourcecode.swift; path = ArticlesCollectionViewController.swift; sourceTree = "<group>"; };
		F17D199724AA654D00633BBC /* Article.swift */ = {isa = PBXFileReference; lastKnownFileType = sourcecode.swift; path = Article.swift; sourceTree = "<group>"; };
		F17D199924AA6F2E00633BBC /* ArticlePersistenceService.swift */ = {isa = PBXFileReference; lastKnownFileType = sourcecode.swift; path = ArticlePersistenceService.swift; sourceTree = "<group>"; };
		F17FA50C24B38FD00093E96A /* GoogleService-Info.plist */ = {isa = PBXFileReference; fileEncoding = 4; lastKnownFileType = text.plist.xml; path = "GoogleService-Info.plist"; sourceTree = "<group>"; };
		F1804BC524486ACA00FF4197 /* AlarmsTableDataSource.swift */ = {isa = PBXFileReference; lastKnownFileType = sourcecode.swift; path = AlarmsTableDataSource.swift; sourceTree = "<group>"; };
		F180E44024AF8C11001F702E /* ArticlesCollectionHeaderView.xib */ = {isa = PBXFileReference; lastKnownFileType = file.xib; path = ArticlesCollectionHeaderView.xib; sourceTree = "<group>"; };
		F180E44224AF9592001F702E /* ArticlesCollectionHeaderView.swift */ = {isa = PBXFileReference; lastKnownFileType = sourcecode.swift; path = ArticlesCollectionHeaderView.swift; sourceTree = "<group>"; };
		F18A86EA247949C000C5597C /* alarm.mp3 */ = {isa = PBXFileReference; lastKnownFileType = audio.mp3; path = alarm.mp3; sourceTree = "<group>"; };
		F195A8E624850F81009D54A3 /* PickerVIew.swift */ = {isa = PBXFileReference; fileEncoding = 4; lastKnownFileType = sourcecode.swift; path = PickerVIew.swift; sourceTree = "<group>"; };
		F195A8E724850F81009D54A3 /* TimePickerDelegate.swift */ = {isa = PBXFileReference; fileEncoding = 4; lastKnownFileType = sourcecode.swift; path = TimePickerDelegate.swift; sourceTree = "<group>"; };
		F195A8E824850F81009D54A3 /* WraparoundPickerView.swift */ = {isa = PBXFileReference; fileEncoding = 4; lastKnownFileType = sourcecode.swift; path = WraparoundPickerView.swift; sourceTree = "<group>"; };
		F195A8E924850F81009D54A3 /* TimePicker_AM_PM.swift */ = {isa = PBXFileReference; fileEncoding = 4; lastKnownFileType = sourcecode.swift; path = TimePicker_AM_PM.swift; sourceTree = "<group>"; };
		F195A8EA24850F81009D54A3 /* PickerViewDelegate.swift */ = {isa = PBXFileReference; fileEncoding = 4; lastKnownFileType = sourcecode.swift; path = PickerViewDelegate.swift; sourceTree = "<group>"; };
		F1A26FA5247284A300A13B3C /* DismissAlarmViewController.swift */ = {isa = PBXFileReference; lastKnownFileType = sourcecode.swift; path = DismissAlarmViewController.swift; sourceTree = "<group>"; };
		F1AB936D2465EFFD008FAA1D /* Constants.swift */ = {isa = PBXFileReference; lastKnownFileType = sourcecode.swift; path = Constants.swift; sourceTree = "<group>"; };
		F1BB761F24C7640D00538465 /* Helpers.swift */ = {isa = PBXFileReference; lastKnownFileType = sourcecode.swift; path = Helpers.swift; sourceTree = "<group>"; };
		F1BC60D2247FE7AF00BB6CB0 /* GradientView.swift */ = {isa = PBXFileReference; lastKnownFileType = sourcecode.swift; path = GradientView.swift; sourceTree = "<group>"; };
		F1BE034024E1437F0020D723 /* Rainforest.mp3 */ = {isa = PBXFileReference; lastKnownFileType = audio.mp3; path = Rainforest.mp3; sourceTree = "<group>"; };
		F1C76B6B247EBDBF0099F1F1 /* BonzeiClock.swift */ = {isa = PBXFileReference; lastKnownFileType = sourcecode.swift; path = BonzeiClock.swift; sourceTree = "<group>"; };
		F1C76B6D247ED7CD0099F1F1 /* DoubleExtension.swift */ = {isa = PBXFileReference; lastKnownFileType = sourcecode.swift; path = DoubleExtension.swift; sourceTree = "<group>"; };
		F1CA2D4C24AB549100524860 /* ArticlesProvider.swift */ = {isa = PBXFileReference; lastKnownFileType = sourcecode.swift; path = ArticlesProvider.swift; sourceTree = "<group>"; };
		F1CA2D4E24AB55B100524860 /* TestArticleProvider.swift */ = {isa = PBXFileReference; lastKnownFileType = sourcecode.swift; path = TestArticleProvider.swift; sourceTree = "<group>"; };
		F1CBD48424C4A212006980AF /* TabItem.swift */ = {isa = PBXFileReference; lastKnownFileType = sourcecode.swift; path = TabItem.swift; sourceTree = "<group>"; };
		F1CBD48624C4A297006980AF /* BonzeiTabBar.swift */ = {isa = PBXFileReference; lastKnownFileType = sourcecode.swift; path = BonzeiTabBar.swift; sourceTree = "<group>"; };
		F1D267F124DF114C002E174B /* SoundTimerDoneViewController.swift */ = {isa = PBXFileReference; lastKnownFileType = sourcecode.swift; path = SoundTimerDoneViewController.swift; sourceTree = "<group>"; };
		F1D267F324DF2C1C002E174B /* Crystal Vision.mp3 */ = {isa = PBXFileReference; lastKnownFileType = audio.mp3; path = "Crystal Vision.mp3"; sourceTree = "<group>"; };
		F1D267F424DF2C1E002E174B /* Earth Tribe.mp3 */ = {isa = PBXFileReference; lastKnownFileType = audio.mp3; path = "Earth Tribe.mp3"; sourceTree = "<group>"; };
		F1D267F524DF2C20002E174B /* Ocean Cliffs.mp3 */ = {isa = PBXFileReference; lastKnownFileType = audio.mp3; path = "Ocean Cliffs.mp3"; sourceTree = "<group>"; };
		F1D267F624DF2C20002E174B /* 5AM Club.mp3 */ = {isa = PBXFileReference; lastKnownFileType = audio.mp3; path = "5AM Club.mp3"; sourceTree = "<group>"; };
		F1D267F724DF2C21002E174B /* Sea Horizon.mp3 */ = {isa = PBXFileReference; lastKnownFileType = audio.mp3; path = "Sea Horizon.mp3"; sourceTree = "<group>"; };
		F1D267F824DF2C22002E174B /* Peace of Mind.mp3 */ = {isa = PBXFileReference; lastKnownFileType = audio.mp3; path = "Peace of Mind.mp3"; sourceTree = "<group>"; };
		F1D267F924DF2C22002E174B /* Sky Sailing.mp3 */ = {isa = PBXFileReference; lastKnownFileType = audio.mp3; path = "Sky Sailing.mp3"; sourceTree = "<group>"; };
		F1D267FA24DF2C23002E174B /* Into The Source.mp3 */ = {isa = PBXFileReference; lastKnownFileType = audio.mp3; path = "Into The Source.mp3"; sourceTree = "<group>"; };
		F1D267FB24DF2C24002E174B /* Bellflowers Dew.mp3 */ = {isa = PBXFileReference; lastKnownFileType = audio.mp3; path = "Bellflowers Dew.mp3"; sourceTree = "<group>"; };
		F1D267FC24DF2C25002E174B /* Stellar Outflow.mp3 */ = {isa = PBXFileReference; lastKnownFileType = audio.mp3; path = "Stellar Outflow.mp3"; sourceTree = "<group>"; };
		F1D298FE247D74A500D25238 /* RoundedButton.swift */ = {isa = PBXFileReference; lastKnownFileType = sourcecode.swift; path = RoundedButton.swift; sourceTree = "<group>"; };
		F1D2D694248E27C1000DE8D2 /* MovingGradientView.swift */ = {isa = PBXFileReference; lastKnownFileType = sourcecode.swift; path = MovingGradientView.swift; sourceTree = "<group>"; };
		F1DCAEA724DBFE1500440581 /* SoundTimerViewController.swift */ = {isa = PBXFileReference; lastKnownFileType = sourcecode.swift; path = SoundTimerViewController.swift; sourceTree = "<group>"; };
		F1E0FFE124A3757700F75FDF /* TimePicker_24.swift */ = {isa = PBXFileReference; lastKnownFileType = sourcecode.swift; path = TimePicker_24.swift; sourceTree = "<group>"; };
		F1E40D0924DFEB4200D0189D /* UIColorExtension.swift */ = {isa = PBXFileReference; lastKnownFileType = sourcecode.swift; path = UIColorExtension.swift; sourceTree = "<group>"; };
		F1F83E1D2472F7490072630A /* RootViewViewController.swift */ = {isa = PBXFileReference; lastKnownFileType = sourcecode.swift; path = RootViewViewController.swift; sourceTree = "<group>"; };
		F1F83E212472FD0C0072630A /* AlarmSchedulerDelegate.swift */ = {isa = PBXFileReference; lastKnownFileType = sourcecode.swift; path = AlarmSchedulerDelegate.swift; sourceTree = "<group>"; };
		F1FF6CE62469B26C00B07237 /* AlarmPersistenceService.swift */ = {isa = PBXFileReference; lastKnownFileType = sourcecode.swift; path = AlarmPersistenceService.swift; sourceTree = "<group>"; };
		F53AE58E8AB0B9A106B38E3A /* Pods-Bonzei.debug.xcconfig */ = {isa = PBXFileReference; includeInIndex = 1; lastKnownFileType = text.xcconfig; name = "Pods-Bonzei.debug.xcconfig"; path = "Target Support Files/Pods-Bonzei/Pods-Bonzei.debug.xcconfig"; sourceTree = "<group>"; };
/* End PBXFileReference section */

/* Begin PBXFrameworksBuildPhase section */
		F17ABEDC2447089F008E9227 /* Frameworks */ = {
			isa = PBXFrameworksBuildPhase;
			buildActionMask = 2147483647;
			files = (
				F1199EBF24B0677900EA7B3B /* WebKit.framework in Frameworks */,
				D08169CFEBC8B3E70EBDF4AC /* Pods_Bonzei.framework in Frameworks */,
			);
			runOnlyForDeploymentPostprocessing = 0;
		};
		F17ABEF7244708A2008E9227 /* Frameworks */ = {
			isa = PBXFrameworksBuildPhase;
			buildActionMask = 2147483647;
			files = (
				5D78953AEBB5614006F251A1 /* Pods_BonzeiTests.framework in Frameworks */,
			);
			runOnlyForDeploymentPostprocessing = 0;
		};
/* End PBXFrameworksBuildPhase section */

/* Begin PBXGroup section */
		383392AD75E96038E294ACCD /* Pods */ = {
			isa = PBXGroup;
			children = (
				F53AE58E8AB0B9A106B38E3A /* Pods-Bonzei.debug.xcconfig */,
				689D5F7ADEFD7E2AD72E5B08 /* Pods-Bonzei.release.xcconfig */,
				7EB6FEA5EB293EC7B8EC891A /* Pods-BonzeiTests.debug.xcconfig */,
				950F93ED70126B3B2F742D3D /* Pods-BonzeiTests.release.xcconfig */,
			);
			path = Pods;
			sourceTree = "<group>";
		};
		906BC5DD63FF49398FB79CDB /* Frameworks */ = {
			isa = PBXGroup;
			children = (
				F1199EBE24B0677900EA7B3B /* WebKit.framework */,
				8F6D397B511E4530007BCA40 /* Pods_Bonzei.framework */,
				5452D96417A6D570681ABA72 /* Pods_BonzeiTests.framework */,
			);
			name = Frameworks;
			sourceTree = "<group>";
		};
		F10B5CA4248558730042D915 /* BonzeiClock */ = {
			isa = PBXGroup;
			children = (
				F13B355624DE84B70047DFD6 /* Variation3 */,
				F16770E2248C0C9800797F0A /* Variation2 */,
				F16770E1248C0C7800797F0A /* Variation1 */,
			);
			path = BonzeiClock;
			sourceTree = "<group>";
		};
		F10C8E5324CF3145003B26F6 /* Powermode */ = {
			isa = PBXGroup;
			children = (
				F15CCF3624D85CC7008E4405 /* SoundTimer */,
				F149788324D70D2000E25ECF /* PowerNap */,
				F149788024D7064300E25ECF /* Models */,
				F10C8E5424CF31B1003B26F6 /* PowerModeViewController.swift */,
			);
			path = Powermode;
			sourceTree = "<group>";
		};
		F1199EC024B06FA500EA7B3B /* FullArticle */ = {
			isa = PBXGroup;
			children = (
				F1199EC124B06FCD00EA7B3B /* Views */,
				F11BFFE724AE3C8E003A4D45 /* FullArticleViewController.swift */,
			);
			path = FullArticle;
			sourceTree = "<group>";
		};
		F1199EC124B06FCD00EA7B3B /* Views */ = {
			isa = PBXGroup;
			children = (
				F1199EC224B06FE900EA7B3B /* ArticleView.swift */,
			);
			path = Views;
			sourceTree = "<group>";
		};
		F11E3F1C244EFEF400CF6B4A /* ViewControllers */ = {
			isa = PBXGroup;
			children = (
				F17ABEE62447089F008E9227 /* WakeUpViewController.swift */,
				F118BED324478FAD00C38981 /* SetAlarmViewController.swift */,
				F14D5FB7244E11D600266A68 /* SetMelodyViewController.swift */,
				F1A26FA5247284A300A13B3C /* DismissAlarmViewController.swift */,
				F1F83E1D2472F7490072630A /* RootViewViewController.swift */,
			);
			path = ViewControllers;
			sourceTree = "<group>";
		};
		F11E3F1D244EFFE400CF6B4A /* TableDataSources */ = {
			isa = PBXGroup;
			children = (
				F1804BC524486ACA00FF4197 /* AlarmsTableDataSource.swift */,
			);
			path = TableDataSources;
			sourceTree = "<group>";
		};
		F11ED05024A3F1FB002CA419 /* TimePicker_24 */ = {
			isa = PBXGroup;
			children = (
				F1E0FFE124A3757700F75FDF /* TimePicker_24.swift */,
			);
			path = TimePicker_24;
			sourceTree = "<group>";
		};
		F11ED05124A3F230002CA419 /* TimePicker_AM_PM */ = {
			isa = PBXGroup;
			children = (
				F195A8E924850F81009D54A3 /* TimePicker_AM_PM.swift */,
			);
			path = TimePicker_AM_PM;
			sourceTree = "<group>";
		};
		F11ED05224A3F257002CA419 /* PickerView */ = {
			isa = PBXGroup;
			children = (
				F195A8E624850F81009D54A3 /* PickerVIew.swift */,
				F195A8EA24850F81009D54A3 /* PickerViewDelegate.swift */,
				F195A8E824850F81009D54A3 /* WraparoundPickerView.swift */,
			);
			path = PickerView;
			sourceTree = "<group>";
		};
		F13B355624DE84B70047DFD6 /* Variation3 */ = {
			isa = PBXGroup;
			children = (
				F13B355924DE857D0047DFD6 /* BonzeiClockV3.swift */,
			);
			path = Variation3;
			sourceTree = "<group>";
		};
		F13B355D24DECB9E0047DFD6 /* CircularProgressView */ = {
			isa = PBXGroup;
			children = (
				F13B355E24DECC250047DFD6 /* CircularProgressView.swift */,
			);
			path = CircularProgressView;
			sourceTree = "<group>";
		};
		F1421C242454B6BF003D226A /* Controls */ = {
			isa = PBXGroup;
			children = (
				F13B355D24DECB9E0047DFD6 /* CircularProgressView */,
				F1CBD48324C4A1DD006980AF /* Toolbar */,
				F11ED05224A3F257002CA419 /* PickerView */,
				F1D2D693248E2781000DE8D2 /* GradientView */,
				F1607DAC248AAE0A00968586 /* TimerView */,
				F10B5CA4248558730042D915 /* BonzeiClock */,
				F195A8E524850ED6009D54A3 /* TimePicker */,
				F1421C252454B710003D226A /* DayOfWeekPicker.swift */,
				F1329B172460912300E7F7A2 /* OvalButton.swift */,
				F1D298FE247D74A500D25238 /* RoundedButton.swift */,
			);
			path = Controls;
			sourceTree = "<group>";
		};
		F142BDE224704CBF00B5857C /* Extensions */ = {
			isa = PBXGroup;
			children = (
				F142BDE324704CF200B5857C /* DateExtension.swift */,
				F14EF8AB24766537006A40D8 /* NotificationExtension.swift */,
				F1C76B6D247ED7CD0099F1F1 /* DoubleExtension.swift */,
				F1BB761F24C7640D00538465 /* Helpers.swift */,
				F1E40D0924DFEB4200D0189D /* UIColorExtension.swift */,
			);
			path = Extensions;
			sourceTree = "<group>";
		};
		F147771D247D070300D12C60 /* Fonts */ = {
			isa = PBXGroup;
			children = (
				F1477731247D2B0000D12C60 /* Muli-Black.ttf */,
				F147772E247D2B0000D12C60 /* Muli-BlackItalic.ttf */,
				F147772C247D2AFF00D12C60 /* Muli-BoldItalic.ttf */,
				F1477734247D2B0000D12C60 /* Muli-ExtraBold.ttf */,
				F1477732247D2B0000D12C60 /* Muli-ExtraBoldItalic.ttf */,
				F147772D247D2AFF00D12C60 /* Muli-ExtraLight.ttf */,
				F1477730247D2B0000D12C60 /* Muli-ExtraLightItalic.ttf */,
				F1477733247D2B0000D12C60 /* Muli-Italic.ttf */,
				F1477735247D2B0000D12C60 /* Muli-Light.ttf */,
				F147772F247D2B0000D12C60 /* Muli-LightItalic.ttf */,
				F1477728247D2AFF00D12C60 /* Muli-Medium.ttf */,
				F147772B247D2AFF00D12C60 /* Muli-MediumItalic.ttf */,
				F147772A247D2AFF00D12C60 /* Muli-SemiBold.ttf */,
				F1477729247D2AFF00D12C60 /* Muli-SemiBoldItalic.ttf */,
				F1477724247D1FE100D12C60 /* Muli-Regular.ttf */,
				F1477722247D0C3200D12C60 /* Muli-Bold.ttf */,
				F147771E247D073E00D12C60 /* Gilam-Bold.ttf */,
				F147771F247D073E00D12C60 /* Gilam-Light.ttf */,
			);
			path = Fonts;
			sourceTree = "<group>";
		};
		F149788024D7064300E25ECF /* Models */ = {
			isa = PBXGroup;
			children = (
				F149788124D70A2500E25ECF /* PowerMode.swift */,
			);
			path = Models;
			sourceTree = "<group>";
		};
		F149788324D70D2000E25ECF /* PowerNap */ = {
			isa = PBXGroup;
			children = (
				F149788724D7254500E25ECF /* Backend */,
				F149788424D70D5A00E25ECF /* Models */,
			);
			path = PowerNap;
			sourceTree = "<group>";
		};
		F149788424D70D5A00E25ECF /* Models */ = {
			isa = PBXGroup;
			children = (
				F149788524D70DDB00E25ECF /* PowerNap.swift */,
				F149788A24D731F800E25ECF /* PowerNapPersistenceService.swift */,
			);
			path = Models;
			sourceTree = "<group>";
		};
		F149788724D7254500E25ECF /* Backend */ = {
			isa = PBXGroup;
			children = (
				F149788824D7290400E25ECF /* FirebasePowerNapProvider.swift */,
			);
			path = Backend;
			sourceTree = "<group>";
		};
		F15526C2244A01E900741E80 /* Models */ = {
			isa = PBXGroup;
			children = (
				F15526C3244A060300741E80 /* Alarm.swift */,
				F15590FC245EF27300928589 /* Melody.swift */,
				F1FF6CE62469B26C00B07237 /* AlarmPersistenceService.swift */,
			);
			path = Models;
			sourceTree = "<group>";
		};
		F15590F7245EE3F400928589 /* SoundFiles */ = {
			isa = PBXGroup;
			children = (
				F1BE033F24E143400020D723 /* BinauralBeats */,
				F1D267F624DF2C20002E174B /* 5AM Club.mp3 */,
				F1D267FB24DF2C24002E174B /* Bellflowers Dew.mp3 */,
				F1D267F324DF2C1C002E174B /* Crystal Vision.mp3 */,
				F1D267F424DF2C1E002E174B /* Earth Tribe.mp3 */,
				F1D267FA24DF2C23002E174B /* Into The Source.mp3 */,
				F1D267F524DF2C20002E174B /* Ocean Cliffs.mp3 */,
				F1D267F824DF2C22002E174B /* Peace of Mind.mp3 */,
				F1D267F724DF2C21002E174B /* Sea Horizon.mp3 */,
				F1D267F924DF2C22002E174B /* Sky Sailing.mp3 */,
				F1D267FC24DF2C25002E174B /* Stellar Outflow.mp3 */,
				F13B355B24DE95280047DFD6 /* Endorphin Birds.mp3 */,
				F18A86EA247949C000C5597C /* alarm.mp3 */,
			);
			path = SoundFiles;
			sourceTree = "<group>";
		};
		F15C1AB82461731800F47CCC /* AlarmScheduler */ = {
			isa = PBXGroup;
			children = (
				F15C1AB92461734A00F47CCC /* AlarmScheduler.swift */,
				F127AC542468265B007F9734 /* HeartBeatService.swift */,
				F1F83E212472FD0C0072630A /* AlarmSchedulerDelegate.swift */,
			);
			path = AlarmScheduler;
			sourceTree = "<group>";
		};
		F15CCF3624D85CC7008E4405 /* SoundTimer */ = {
			isa = PBXGroup;
			children = (
				F15CCF3724D85D20008E4405 /* SoundPickerViewController.swift */,
				F1DCAEA724DBFE1500440581 /* SoundTimerViewController.swift */,
				F1D267F124DF114C002E174B /* SoundTimerDoneViewController.swift */,
			);
			path = SoundTimer;
			sourceTree = "<group>";
		};
		F1607DAC248AAE0A00968586 /* TimerView */ = {
			isa = PBXGroup;
			children = (
				F1607DAD248AAE5300968586 /* TimerView.swift */,
			);
			path = TimerView;
			sourceTree = "<group>";
		};
		F16770E1248C0C7800797F0A /* Variation1 */ = {
			isa = PBXGroup;
			children = (
				F10B5CA52485588C0042D915 /* BonzeiClockFace.swift */,
				F1C76B6B247EBDBF0099F1F1 /* BonzeiClock.swift */,
			);
			path = Variation1;
			sourceTree = "<group>";
		};
		F16770E2248C0C9800797F0A /* Variation2 */ = {
			isa = PBXGroup;
			children = (
				F16770DF248C0C4E00797F0A /* ClockFaceAndDots.swift */,
				F16770E3248C0D3200797F0A /* BonzeiClockV2.swift */,
			);
			path = Variation2;
			sourceTree = "<group>";
		};
		F17ABED62447089F008E9227 = {
			isa = PBXGroup;
			children = (
				F17ABEE12447089F008E9227 /* Bonzei */,
				F17ABEFD244708A2008E9227 /* BonzeiTests */,
				F17ABEE02447089F008E9227 /* Products */,
				383392AD75E96038E294ACCD /* Pods */,
				906BC5DD63FF49398FB79CDB /* Frameworks */,
			);
			sourceTree = "<group>";
		};
		F17ABEE02447089F008E9227 /* Products */ = {
			isa = PBXGroup;
			children = (
				F17ABEDF2447089F008E9227 /* Bonzei.app */,
				F17ABEFA244708A2008E9227 /* BonzeiTests.xctest */,
			);
			name = Products;
			sourceTree = "<group>";
		};
		F17ABEE12447089F008E9227 /* Bonzei */ = {
			isa = PBXGroup;
			children = (
				F10C8E5324CF3145003B26F6 /* Powermode */,
				F17D199224AA0BBE00633BBC /* Learn */,
				F17D199124AA0B5300633BBC /* WakeUp */,
				F147771D247D070300D12C60 /* Fonts */,
				F142BDE224704CBF00B5857C /* Extensions */,
				F1AB936C2465EFE1008FAA1D /* Constants */,
				F17ABEE22447089F008E9227 /* AppDelegate.swift */,
				F17ABEE42447089F008E9227 /* SceneDelegate.swift */,
				F17ABEE82447089F008E9227 /* SecondViewController.swift */,
				F17ABEEA2447089F008E9227 /* Main.storyboard */,
				F17ABEF0244708A2008E9227 /* Assets.xcassets */,
				F17ABEF2244708A2008E9227 /* LaunchScreen.storyboard */,
				F17ABEF5244708A2008E9227 /* Info.plist */,
				F17ABEED2447089F008E9227 /* Bonzei.xcdatamodeld */,
				F1199EBC24B0627D00EA7B3B /* AppVersion.swift */,
				F17FA50C24B38FD00093E96A /* GoogleService-Info.plist */,
			);
			path = Bonzei;
			sourceTree = "<group>";
		};
		F17ABEFD244708A2008E9227 /* BonzeiTests */ = {
			isa = PBXGroup;
			children = (
				F17ABEFE244708A2008E9227 /* BonzeiTests.swift */,
				F17ABF00244708A2008E9227 /* Info.plist */,
			);
			path = BonzeiTests;
			sourceTree = "<group>";
		};
		F17D199124AA0B5300633BBC /* WakeUp */ = {
			isa = PBXGroup;
			children = (
				F1421C242454B6BF003D226A /* Controls */,
				F15590F7245EE3F400928589 /* SoundFiles */,
				F11E3F1D244EFFE400CF6B4A /* TableDataSources */,
				F11E3F1C244EFEF400CF6B4A /* ViewControllers */,
				F15526C2244A01E900741E80 /* Models */,
				F15C1AB82461731800F47CCC /* AlarmScheduler */,
			);
			path = WakeUp;
			sourceTree = "<group>";
		};
		F17D199224AA0BBE00633BBC /* Learn */ = {
			isa = PBXGroup;
			children = (
				F1CA2D4B24AB545600524860 /* Backend */,
				F17D199424AA0E8D00633BBC /* Models */,
				F17D199324AA0E7800633BBC /* ViewControllers */,
			);
			path = Learn;
			sourceTree = "<group>";
		};
		F17D199324AA0E7800633BBC /* ViewControllers */ = {
			isa = PBXGroup;
			children = (
				F1199EC024B06FA500EA7B3B /* FullArticle */,
				F1BAE26624ADF5A400C71199 /* ArticlesCollection */,
			);
			path = ViewControllers;
			sourceTree = "<group>";
		};
		F17D199424AA0E8D00633BBC /* Models */ = {
			isa = PBXGroup;
			children = (
				F17D199724AA654D00633BBC /* Article.swift */,
				F17D199924AA6F2E00633BBC /* ArticlePersistenceService.swift */,
			);
			path = Models;
			sourceTree = "<group>";
		};
		F180E43F24AF8BCB001F702E /* Views */ = {
			isa = PBXGroup;
			children = (
				F180E44024AF8C11001F702E /* ArticlesCollectionHeaderView.xib */,
				F180E44224AF9592001F702E /* ArticlesCollectionHeaderView.swift */,
			);
			path = Views;
			sourceTree = "<group>";
		};
		F195A8E524850ED6009D54A3 /* TimePicker */ = {
			isa = PBXGroup;
			children = (
				F11ED05124A3F230002CA419 /* TimePicker_AM_PM */,
				F11ED05024A3F1FB002CA419 /* TimePicker_24 */,
				F195A8E724850F81009D54A3 /* TimePickerDelegate.swift */,
				F17C609D24A38DA80076F49D /* TimePicker.swift */,
				F11ED05324A4EE12002CA419 /* TimePickerView.swift */,
			);
			path = TimePicker;
			sourceTree = "<group>";
		};
		F1AB936C2465EFE1008FAA1D /* Constants */ = {
			isa = PBXGroup;
			children = (
				F1AB936D2465EFFD008FAA1D /* Constants.swift */,
			);
			path = Constants;
			sourceTree = "<group>";
		};
		F1BAE26624ADF5A400C71199 /* ArticlesCollection */ = {
			isa = PBXGroup;
			children = (
				F180E43F24AF8BCB001F702E /* Views */,
				F17D199524AA0EE200633BBC /* ArticlesCollectionViewController.swift */,
			);
			path = ArticlesCollection;
			sourceTree = "<group>";
		};
		F1BE033F24E143400020D723 /* BinauralBeats */ = {
			isa = PBXGroup;
			children = (
				F1BE034024E1437F0020D723 /* Rainforest.mp3 */,
			);
			path = BinauralBeats;
			sourceTree = "<group>";
		};
		F1CA2D4B24AB545600524860 /* Backend */ = {
			isa = PBXGroup;
			children = (
				F1CA2D4C24AB549100524860 /* ArticlesProvider.swift */,
				F1CA2D4E24AB55B100524860 /* TestArticleProvider.swift */,
				F106311E24AC962700CBB9C6 /* FirebaseArticlesProvider.swift */,
			);
			path = Backend;
			sourceTree = "<group>";
		};
		F1CBD48324C4A1DD006980AF /* Toolbar */ = {
			isa = PBXGroup;
			children = (
				F1CBD48424C4A212006980AF /* TabItem.swift */,
				F1CBD48624C4A297006980AF /* BonzeiTabBar.swift */,
			);
			path = Toolbar;
			sourceTree = "<group>";
		};
		F1D2D693248E2781000DE8D2 /* GradientView */ = {
			isa = PBXGroup;
			children = (
				F1BC60D2247FE7AF00BB6CB0 /* GradientView.swift */,
				F1D2D694248E27C1000DE8D2 /* MovingGradientView.swift */,
			);
			path = GradientView;
			sourceTree = "<group>";
		};
/* End PBXGroup section */

/* Begin PBXNativeTarget section */
		F17ABEDE2447089F008E9227 /* Bonzei */ = {
			isa = PBXNativeTarget;
			buildConfigurationList = F17ABF03244708A2008E9227 /* Build configuration list for PBXNativeTarget "Bonzei" */;
			buildPhases = (
				5B48A380C2FBA4DB7CFB3540 /* [CP] Check Pods Manifest.lock */,
				F17ABEDB2447089F008E9227 /* Sources */,
				F17ABEDC2447089F008E9227 /* Frameworks */,
				F17ABEDD2447089F008E9227 /* Resources */,
				902C51D51FB9351020582FDE /* [CP] Embed Pods Frameworks */,
			);
			buildRules = (
			);
			dependencies = (
			);
			name = Bonzei;
			productName = Bonzei;
			productReference = F17ABEDF2447089F008E9227 /* Bonzei.app */;
			productType = "com.apple.product-type.application";
		};
		F17ABEF9244708A2008E9227 /* BonzeiTests */ = {
			isa = PBXNativeTarget;
			buildConfigurationList = F17ABF06244708A2008E9227 /* Build configuration list for PBXNativeTarget "BonzeiTests" */;
			buildPhases = (
				F6A6AE446913E41565BF8D03 /* [CP] Check Pods Manifest.lock */,
				F17ABEF6244708A2008E9227 /* Sources */,
				F17ABEF7244708A2008E9227 /* Frameworks */,
				F17ABEF8244708A2008E9227 /* Resources */,
			);
			buildRules = (
			);
			dependencies = (
				F17ABEFC244708A2008E9227 /* PBXTargetDependency */,
			);
			name = BonzeiTests;
			productName = BonzeiTests;
			productReference = F17ABEFA244708A2008E9227 /* BonzeiTests.xctest */;
			productType = "com.apple.product-type.bundle.unit-test";
		};
/* End PBXNativeTarget section */

/* Begin PBXProject section */
		F17ABED72447089F008E9227 /* Project object */ = {
			isa = PBXProject;
			attributes = {
				LastSwiftUpdateCheck = 1130;
				LastUpgradeCheck = 1130;
				ORGANIZATIONNAME = bonzei.app;
				TargetAttributes = {
					F17ABEDE2447089F008E9227 = {
						CreatedOnToolsVersion = 11.3.1;
					};
					F17ABEF9244708A2008E9227 = {
						CreatedOnToolsVersion = 11.3.1;
						TestTargetID = F17ABEDE2447089F008E9227;
					};
				};
			};
			buildConfigurationList = F17ABEDA2447089F008E9227 /* Build configuration list for PBXProject "Bonzei" */;
			compatibilityVersion = "Xcode 9.3";
			developmentRegion = en;
			hasScannedForEncodings = 0;
			knownRegions = (
				en,
				Base,
			);
			mainGroup = F17ABED62447089F008E9227;
			productRefGroup = F17ABEE02447089F008E9227 /* Products */;
			projectDirPath = "";
			projectRoot = "";
			targets = (
				F17ABEDE2447089F008E9227 /* Bonzei */,
				F17ABEF9244708A2008E9227 /* BonzeiTests */,
			);
		};
/* End PBXProject section */

/* Begin PBXResourcesBuildPhase section */
		F17ABEDD2447089F008E9227 /* Resources */ = {
			isa = PBXResourcesBuildPhase;
			buildActionMask = 2147483647;
			files = (
				F1D267FD24DF2C25002E174B /* Crystal Vision.mp3 in Resources */,
				F1D2680024DF2C25002E174B /* 5AM Club.mp3 in Resources */,
				F17ABEF4244708A2008E9227 /* LaunchScreen.storyboard in Resources */,
				F1D2680124DF2C25002E174B /* Sea Horizon.mp3 in Resources */,
				F147773C247D2B0000D12C60 /* Muli-BlackItalic.ttf in Resources */,
				F18A86EB247949C000C5597C /* alarm.mp3 in Resources */,
				F1D2680424DF2C25002E174B /* Into The Source.mp3 in Resources */,
				F1477740247D2B0000D12C60 /* Muli-ExtraBoldItalic.ttf in Resources */,
				F147773D247D2B0000D12C60 /* Muli-LightItalic.ttf in Resources */,
				F17ABEF1244708A2008E9227 /* Assets.xcassets in Resources */,
				F1D2680524DF2C25002E174B /* Bellflowers Dew.mp3 in Resources */,
				F147773E247D2B0000D12C60 /* Muli-ExtraLightItalic.ttf in Resources */,
				F1477725247D1FE100D12C60 /* Muli-Regular.ttf in Resources */,
				F1D2680324DF2C25002E174B /* Sky Sailing.mp3 in Resources */,
				F147773A247D2B0000D12C60 /* Muli-BoldItalic.ttf in Resources */,
				F180E44124AF8C11001F702E /* ArticlesCollectionHeaderView.xib in Resources */,
				F1477741247D2B0000D12C60 /* Muli-Italic.ttf in Resources */,
				F1D2680224DF2C25002E174B /* Peace of Mind.mp3 in Resources */,
				F17ABEEC2447089F008E9227 /* Main.storyboard in Resources */,
				F147773F247D2B0000D12C60 /* Muli-Black.ttf in Resources */,
				F17FA50D24B38FD00093E96A /* GoogleService-Info.plist in Resources */,
				F1477738247D2B0000D12C60 /* Muli-SemiBold.ttf in Resources */,
				F1477723247D0C3200D12C60 /* Muli-Bold.ttf in Resources */,
				F1477721247D073E00D12C60 /* Gilam-Light.ttf in Resources */,
				F147773B247D2B0000D12C60 /* Muli-ExtraLight.ttf in Resources */,
				F1D267FF24DF2C25002E174B /* Ocean Cliffs.mp3 in Resources */,
				F1477743247D2B0000D12C60 /* Muli-Light.ttf in Resources */,
				F1477742247D2B0000D12C60 /* Muli-ExtraBold.ttf in Resources */,
				F1D267FE24DF2C25002E174B /* Earth Tribe.mp3 in Resources */,
				F1477739247D2B0000D12C60 /* Muli-MediumItalic.ttf in Resources */,
				F1477736247D2B0000D12C60 /* Muli-Medium.ttf in Resources */,
				F13B355C24DE95280047DFD6 /* Endorphin Birds.mp3 in Resources */,
				F1D2680624DF2C25002E174B /* Stellar Outflow.mp3 in Resources */,
				F1BE034124E1437F0020D723 /* Rainforest.mp3 in Resources */,
				F1477737247D2B0000D12C60 /* Muli-SemiBoldItalic.ttf in Resources */,
				F1477720247D073E00D12C60 /* Gilam-Bold.ttf in Resources */,
			);
			runOnlyForDeploymentPostprocessing = 0;
		};
		F17ABEF8244708A2008E9227 /* Resources */ = {
			isa = PBXResourcesBuildPhase;
			buildActionMask = 2147483647;
			files = (
			);
			runOnlyForDeploymentPostprocessing = 0;
		};
/* End PBXResourcesBuildPhase section */

/* Begin PBXShellScriptBuildPhase section */
		5B48A380C2FBA4DB7CFB3540 /* [CP] Check Pods Manifest.lock */ = {
			isa = PBXShellScriptBuildPhase;
			buildActionMask = 2147483647;
			files = (
			);
			inputFileListPaths = (
			);
			inputPaths = (
				"${PODS_PODFILE_DIR_PATH}/Podfile.lock",
				"${PODS_ROOT}/Manifest.lock",
			);
			name = "[CP] Check Pods Manifest.lock";
			outputFileListPaths = (
			);
			outputPaths = (
				"$(DERIVED_FILE_DIR)/Pods-Bonzei-checkManifestLockResult.txt",
			);
			runOnlyForDeploymentPostprocessing = 0;
			shellPath = /bin/sh;
			shellScript = "diff \"${PODS_PODFILE_DIR_PATH}/Podfile.lock\" \"${PODS_ROOT}/Manifest.lock\" > /dev/null\nif [ $? != 0 ] ; then\n    # print error to STDERR\n    echo \"error: The sandbox is not in sync with the Podfile.lock. Run 'pod install' or update your CocoaPods installation.\" >&2\n    exit 1\nfi\n# This output is used by Xcode 'outputs' to avoid re-running this script phase.\necho \"SUCCESS\" > \"${SCRIPT_OUTPUT_FILE_0}\"\n";
			showEnvVarsInLog = 0;
		};
		902C51D51FB9351020582FDE /* [CP] Embed Pods Frameworks */ = {
			isa = PBXShellScriptBuildPhase;
			buildActionMask = 2147483647;
			files = (
			);
			inputFileListPaths = (
				"${PODS_ROOT}/Target Support Files/Pods-Bonzei/Pods-Bonzei-frameworks-${CONFIGURATION}-input-files.xcfilelist",
			);
			name = "[CP] Embed Pods Frameworks";
			outputFileListPaths = (
				"${PODS_ROOT}/Target Support Files/Pods-Bonzei/Pods-Bonzei-frameworks-${CONFIGURATION}-output-files.xcfilelist",
			);
			runOnlyForDeploymentPostprocessing = 0;
			shellPath = /bin/sh;
			shellScript = "\"${PODS_ROOT}/Target Support Files/Pods-Bonzei/Pods-Bonzei-frameworks.sh\"\n";
			showEnvVarsInLog = 0;
		};
		F6A6AE446913E41565BF8D03 /* [CP] Check Pods Manifest.lock */ = {
			isa = PBXShellScriptBuildPhase;
			buildActionMask = 2147483647;
			files = (
			);
			inputFileListPaths = (
			);
			inputPaths = (
				"${PODS_PODFILE_DIR_PATH}/Podfile.lock",
				"${PODS_ROOT}/Manifest.lock",
			);
			name = "[CP] Check Pods Manifest.lock";
			outputFileListPaths = (
			);
			outputPaths = (
				"$(DERIVED_FILE_DIR)/Pods-BonzeiTests-checkManifestLockResult.txt",
			);
			runOnlyForDeploymentPostprocessing = 0;
			shellPath = /bin/sh;
			shellScript = "diff \"${PODS_PODFILE_DIR_PATH}/Podfile.lock\" \"${PODS_ROOT}/Manifest.lock\" > /dev/null\nif [ $? != 0 ] ; then\n    # print error to STDERR\n    echo \"error: The sandbox is not in sync with the Podfile.lock. Run 'pod install' or update your CocoaPods installation.\" >&2\n    exit 1\nfi\n# This output is used by Xcode 'outputs' to avoid re-running this script phase.\necho \"SUCCESS\" > \"${SCRIPT_OUTPUT_FILE_0}\"\n";
			showEnvVarsInLog = 0;
		};
/* End PBXShellScriptBuildPhase section */

/* Begin PBXSourcesBuildPhase section */
		F17ABEDB2447089F008E9227 /* Sources */ = {
			isa = PBXSourcesBuildPhase;
			buildActionMask = 2147483647;
			files = (
				F17D199A24AA6F2E00633BBC /* ArticlePersistenceService.swift in Sources */,
				F15CCF3824D85D20008E4405 /* SoundPickerViewController.swift in Sources */,
				F195A8ED24850F81009D54A3 /* WraparoundPickerView.swift in Sources */,
				F1FF6CE72469B26C00B07237 /* AlarmPersistenceService.swift in Sources */,
				F17C609E24A38DA80076F49D /* TimePicker.swift in Sources */,
				F17D199624AA0EE200633BBC /* ArticlesCollectionViewController.swift in Sources */,
				F15C1ABA2461734A00F47CCC /* AlarmScheduler.swift in Sources */,
				F1CBD48724C4A297006980AF /* BonzeiTabBar.swift in Sources */,
				F17ABEE92447089F008E9227 /* SecondViewController.swift in Sources */,
				F17ABEE72447089F008E9227 /* WakeUpViewController.swift in Sources */,
				F1607DAE248AAE5300968586 /* TimerView.swift in Sources */,
				F1BB762024C7640D00538465 /* Helpers.swift in Sources */,
				F1D298FF247D74A500D25238 /* RoundedButton.swift in Sources */,
				F1CBD48524C4A212006980AF /* TabItem.swift in Sources */,
				F10C8E5524CF31B1003B26F6 /* PowerModeViewController.swift in Sources */,
				F1A26FA6247284A300A13B3C /* DismissAlarmViewController.swift in Sources */,
				F1DCAEA824DBFE1500440581 /* SoundTimerViewController.swift in Sources */,
				F1E40D0A24DFEB4200D0189D /* UIColorExtension.swift in Sources */,
				F17ABEE32447089F008E9227 /* AppDelegate.swift in Sources */,
				F17D199824AA654D00633BBC /* Article.swift in Sources */,
				F1C76B6E247ED7CD0099F1F1 /* DoubleExtension.swift in Sources */,
				F15526C4244A060300741E80 /* Alarm.swift in Sources */,
				F1D2D695248E27C1000DE8D2 /* MovingGradientView.swift in Sources */,
				F195A8EB24850F81009D54A3 /* PickerVIew.swift in Sources */,
				F1199EBD24B0627D00EA7B3B /* AppVersion.swift in Sources */,
				F149788224D70A2500E25ECF /* PowerMode.swift in Sources */,
				F195A8EC24850F81009D54A3 /* TimePickerDelegate.swift in Sources */,
				F1BC60D3247FE7AF00BB6CB0 /* GradientView.swift in Sources */,
				F1E0FFE224A3757700F75FDF /* TimePicker_24.swift in Sources */,
				F149788B24D731F800E25ECF /* PowerNapPersistenceService.swift in Sources */,
				F127AC552468265B007F9734 /* HeartBeatService.swift in Sources */,
				F1329B182460912300E7F7A2 /* OvalButton.swift in Sources */,
				F16770E0248C0C4E00797F0A /* ClockFaceAndDots.swift in Sources */,
				F1F83E222472FD0C0072630A /* AlarmSchedulerDelegate.swift in Sources */,
				F15590FD245EF27300928589 /* Melody.swift in Sources */,
				F11BFFE824AE3C8E003A4D45 /* FullArticleViewController.swift in Sources */,
				F16770E4248C0D3200797F0A /* BonzeiClockV2.swift in Sources */,
				F106311F24AC962800CBB9C6 /* FirebaseArticlesProvider.swift in Sources */,
				F10B5CA62485588C0042D915 /* BonzeiClockFace.swift in Sources */,
				F14EF8AC24766537006A40D8 /* NotificationExtension.swift in Sources */,
				F118BED424478FAD00C38981 /* SetAlarmViewController.swift in Sources */,
				F17ABEE52447089F008E9227 /* SceneDelegate.swift in Sources */,
				F1F83E1E2472F7490072630A /* RootViewViewController.swift in Sources */,
				F1CA2D4D24AB549100524860 /* ArticlesProvider.swift in Sources */,
				F195A8EF24850F81009D54A3 /* PickerViewDelegate.swift in Sources */,
				F180E44324AF9592001F702E /* ArticlesCollectionHeaderView.swift in Sources */,
				F1AB936E2465EFFD008FAA1D /* Constants.swift in Sources */,
				F149788624D70DDB00E25ECF /* PowerNap.swift in Sources */,
				F1CA2D4F24AB55B100524860 /* TestArticleProvider.swift in Sources */,
				F149788924D7290400E25ECF /* FirebasePowerNapProvider.swift in Sources */,
				F1199EC324B06FE900EA7B3B /* ArticleView.swift in Sources */,
				F142BDE424704CF200B5857C /* DateExtension.swift in Sources */,
				F195A8EE24850F81009D54A3 /* TimePicker_AM_PM.swift in Sources */,
				F14D5FB8244E11D600266A68 /* SetMelodyViewController.swift in Sources */,
				F11ED05424A4EE12002CA419 /* TimePickerView.swift in Sources */,
				F1421C262454B710003D226A /* DayOfWeekPicker.swift in Sources */,
				F1D267F224DF114C002E174B /* SoundTimerDoneViewController.swift in Sources */,
				F17ABEEF2447089F008E9227 /* Bonzei.xcdatamodeld in Sources */,
				F1804BC624486ACA00FF4197 /* AlarmsTableDataSource.swift in Sources */,
				F13B355A24DE857D0047DFD6 /* BonzeiClockV3.swift in Sources */,
				F13B355F24DECC250047DFD6 /* CircularProgressView.swift in Sources */,
				F1C76B6C247EBDBF0099F1F1 /* BonzeiClock.swift in Sources */,
			);
			runOnlyForDeploymentPostprocessing = 0;
		};
		F17ABEF6244708A2008E9227 /* Sources */ = {
			isa = PBXSourcesBuildPhase;
			buildActionMask = 2147483647;
			files = (
				F17ABEFF244708A2008E9227 /* BonzeiTests.swift in Sources */,
				F142BDE524704CF200B5857C /* DateExtension.swift in Sources */,
				F1A608BD24713C00008A45EF /* Alarm.swift in Sources */,
				F1A608BE24716416008A45EF /* AlarmScheduler.swift in Sources */,
			);
			runOnlyForDeploymentPostprocessing = 0;
		};
/* End PBXSourcesBuildPhase section */

/* Begin PBXTargetDependency section */
		F17ABEFC244708A2008E9227 /* PBXTargetDependency */ = {
			isa = PBXTargetDependency;
			target = F17ABEDE2447089F008E9227 /* Bonzei */;
			targetProxy = F17ABEFB244708A2008E9227 /* PBXContainerItemProxy */;
		};
/* End PBXTargetDependency section */

/* Begin PBXVariantGroup section */
		F17ABEEA2447089F008E9227 /* Main.storyboard */ = {
			isa = PBXVariantGroup;
			children = (
				F17ABEEB2447089F008E9227 /* Base */,
			);
			name = Main.storyboard;
			sourceTree = "<group>";
		};
		F17ABEF2244708A2008E9227 /* LaunchScreen.storyboard */ = {
			isa = PBXVariantGroup;
			children = (
				F17ABEF3244708A2008E9227 /* Base */,
			);
			name = LaunchScreen.storyboard;
			sourceTree = "<group>";
		};
/* End PBXVariantGroup section */

/* Begin XCBuildConfiguration section */
		F17ABF01244708A2008E9227 /* Debug */ = {
			isa = XCBuildConfiguration;
			buildSettings = {
				ALWAYS_SEARCH_USER_PATHS = NO;
				CLANG_ANALYZER_NONNULL = YES;
				CLANG_ANALYZER_NUMBER_OBJECT_CONVERSION = YES_AGGRESSIVE;
				CLANG_CXX_LANGUAGE_STANDARD = "gnu++14";
				CLANG_CXX_LIBRARY = "libc++";
				CLANG_ENABLE_MODULES = YES;
				CLANG_ENABLE_OBJC_ARC = YES;
				CLANG_ENABLE_OBJC_WEAK = YES;
				CLANG_WARN_BLOCK_CAPTURE_AUTORELEASING = YES;
				CLANG_WARN_BOOL_CONVERSION = YES;
				CLANG_WARN_COMMA = YES;
				CLANG_WARN_CONSTANT_CONVERSION = YES;
				CLANG_WARN_DEPRECATED_OBJC_IMPLEMENTATIONS = YES;
				CLANG_WARN_DIRECT_OBJC_ISA_USAGE = YES_ERROR;
				CLANG_WARN_DOCUMENTATION_COMMENTS = YES;
				CLANG_WARN_EMPTY_BODY = YES;
				CLANG_WARN_ENUM_CONVERSION = YES;
				CLANG_WARN_INFINITE_RECURSION = YES;
				CLANG_WARN_INT_CONVERSION = YES;
				CLANG_WARN_NON_LITERAL_NULL_CONVERSION = YES;
				CLANG_WARN_OBJC_IMPLICIT_RETAIN_SELF = YES;
				CLANG_WARN_OBJC_LITERAL_CONVERSION = YES;
				CLANG_WARN_OBJC_ROOT_CLASS = YES_ERROR;
				CLANG_WARN_RANGE_LOOP_ANALYSIS = YES;
				CLANG_WARN_STRICT_PROTOTYPES = YES;
				CLANG_WARN_SUSPICIOUS_MOVE = YES;
				CLANG_WARN_UNGUARDED_AVAILABILITY = YES_AGGRESSIVE;
				CLANG_WARN_UNREACHABLE_CODE = YES;
				CLANG_WARN__DUPLICATE_METHOD_MATCH = YES;
				COPY_PHASE_STRIP = NO;
				DEBUG_INFORMATION_FORMAT = dwarf;
				ENABLE_STRICT_OBJC_MSGSEND = YES;
				ENABLE_TESTABILITY = YES;
				GCC_C_LANGUAGE_STANDARD = gnu11;
				GCC_DYNAMIC_NO_PIC = NO;
				GCC_NO_COMMON_BLOCKS = YES;
				GCC_OPTIMIZATION_LEVEL = 0;
				GCC_PREPROCESSOR_DEFINITIONS = (
					"DEBUG=1",
					"$(inherited)",
				);
				GCC_WARN_64_TO_32_BIT_CONVERSION = YES;
				GCC_WARN_ABOUT_RETURN_TYPE = YES_ERROR;
				GCC_WARN_UNDECLARED_SELECTOR = YES;
				GCC_WARN_UNINITIALIZED_AUTOS = YES_AGGRESSIVE;
				GCC_WARN_UNUSED_FUNCTION = YES;
				GCC_WARN_UNUSED_VARIABLE = YES;
				IPHONEOS_DEPLOYMENT_TARGET = 13.2;
				MTL_ENABLE_DEBUG_INFO = INCLUDE_SOURCE;
				MTL_FAST_MATH = YES;
				ONLY_ACTIVE_ARCH = YES;
				SDKROOT = iphoneos;
				SWIFT_ACTIVE_COMPILATION_CONDITIONS = DEBUG;
				SWIFT_OPTIMIZATION_LEVEL = "-Onone";
			};
			name = Debug;
		};
		F17ABF02244708A2008E9227 /* Release */ = {
			isa = XCBuildConfiguration;
			buildSettings = {
				ALWAYS_SEARCH_USER_PATHS = NO;
				CLANG_ANALYZER_NONNULL = YES;
				CLANG_ANALYZER_NUMBER_OBJECT_CONVERSION = YES_AGGRESSIVE;
				CLANG_CXX_LANGUAGE_STANDARD = "gnu++14";
				CLANG_CXX_LIBRARY = "libc++";
				CLANG_ENABLE_MODULES = YES;
				CLANG_ENABLE_OBJC_ARC = YES;
				CLANG_ENABLE_OBJC_WEAK = YES;
				CLANG_WARN_BLOCK_CAPTURE_AUTORELEASING = YES;
				CLANG_WARN_BOOL_CONVERSION = YES;
				CLANG_WARN_COMMA = YES;
				CLANG_WARN_CONSTANT_CONVERSION = YES;
				CLANG_WARN_DEPRECATED_OBJC_IMPLEMENTATIONS = YES;
				CLANG_WARN_DIRECT_OBJC_ISA_USAGE = YES_ERROR;
				CLANG_WARN_DOCUMENTATION_COMMENTS = YES;
				CLANG_WARN_EMPTY_BODY = YES;
				CLANG_WARN_ENUM_CONVERSION = YES;
				CLANG_WARN_INFINITE_RECURSION = YES;
				CLANG_WARN_INT_CONVERSION = YES;
				CLANG_WARN_NON_LITERAL_NULL_CONVERSION = YES;
				CLANG_WARN_OBJC_IMPLICIT_RETAIN_SELF = YES;
				CLANG_WARN_OBJC_LITERAL_CONVERSION = YES;
				CLANG_WARN_OBJC_ROOT_CLASS = YES_ERROR;
				CLANG_WARN_RANGE_LOOP_ANALYSIS = YES;
				CLANG_WARN_STRICT_PROTOTYPES = YES;
				CLANG_WARN_SUSPICIOUS_MOVE = YES;
				CLANG_WARN_UNGUARDED_AVAILABILITY = YES_AGGRESSIVE;
				CLANG_WARN_UNREACHABLE_CODE = YES;
				CLANG_WARN__DUPLICATE_METHOD_MATCH = YES;
				COPY_PHASE_STRIP = NO;
				DEBUG_INFORMATION_FORMAT = "dwarf-with-dsym";
				ENABLE_NS_ASSERTIONS = NO;
				ENABLE_STRICT_OBJC_MSGSEND = YES;
				GCC_C_LANGUAGE_STANDARD = gnu11;
				GCC_NO_COMMON_BLOCKS = YES;
				GCC_WARN_64_TO_32_BIT_CONVERSION = YES;
				GCC_WARN_ABOUT_RETURN_TYPE = YES_ERROR;
				GCC_WARN_UNDECLARED_SELECTOR = YES;
				GCC_WARN_UNINITIALIZED_AUTOS = YES_AGGRESSIVE;
				GCC_WARN_UNUSED_FUNCTION = YES;
				GCC_WARN_UNUSED_VARIABLE = YES;
				IPHONEOS_DEPLOYMENT_TARGET = 13.2;
				MTL_ENABLE_DEBUG_INFO = NO;
				MTL_FAST_MATH = YES;
				SDKROOT = iphoneos;
				SWIFT_COMPILATION_MODE = wholemodule;
				SWIFT_OPTIMIZATION_LEVEL = "-O";
				VALIDATE_PRODUCT = YES;
			};
			name = Release;
		};
		F17ABF04244708A2008E9227 /* Debug */ = {
			isa = XCBuildConfiguration;
			baseConfigurationReference = F53AE58E8AB0B9A106B38E3A /* Pods-Bonzei.debug.xcconfig */;
			buildSettings = {
				ASSETCATALOG_COMPILER_APPICON_NAME = AppIcon;
				CODE_SIGN_STYLE = Automatic;
				CURRENT_PROJECT_VERSION = 46;
				DEVELOPMENT_TEAM = RW79CPXREY;
				ENABLE_BITCODE = NO;
				INFOPLIST_FILE = Bonzei/Info.plist;
				IPHONEOS_DEPLOYMENT_TARGET = 13.0;
				LD_RUNPATH_SEARCH_PATHS = (
					"$(inherited)",
					"@executable_path/Frameworks",
				);
				PRODUCT_BUNDLE_IDENTIFIER = app.bonzei.Bonzei;
				PRODUCT_NAME = "$(TARGET_NAME)";
				SWIFT_VERSION = 5.0;
				TARGETED_DEVICE_FAMILY = 1;
			};
			name = Debug;
		};
		F17ABF05244708A2008E9227 /* Release */ = {
			isa = XCBuildConfiguration;
			baseConfigurationReference = 689D5F7ADEFD7E2AD72E5B08 /* Pods-Bonzei.release.xcconfig */;
			buildSettings = {
				ASSETCATALOG_COMPILER_APPICON_NAME = AppIcon;
				CODE_SIGN_STYLE = Automatic;
				CURRENT_PROJECT_VERSION = 46;
				DEVELOPMENT_TEAM = RW79CPXREY;
				ENABLE_BITCODE = NO;
				INFOPLIST_FILE = Bonzei/Info.plist;
				IPHONEOS_DEPLOYMENT_TARGET = 13.0;
				LD_RUNPATH_SEARCH_PATHS = (
					"$(inherited)",
					"@executable_path/Frameworks",
				);
				PRODUCT_BUNDLE_IDENTIFIER = app.bonzei.Bonzei;
				PRODUCT_NAME = "$(TARGET_NAME)";
				SWIFT_VERSION = 5.0;
				TARGETED_DEVICE_FAMILY = 1;
			};
			name = Release;
		};
		F17ABF07244708A2008E9227 /* Debug */ = {
			isa = XCBuildConfiguration;
			baseConfigurationReference = 7EB6FEA5EB293EC7B8EC891A /* Pods-BonzeiTests.debug.xcconfig */;
			buildSettings = {
				ALWAYS_EMBED_SWIFT_STANDARD_LIBRARIES = YES;
				BUNDLE_LOADER = "$(TEST_HOST)";
				CODE_SIGN_STYLE = Automatic;
				DEVELOPMENT_TEAM = RW79CPXREY;
				INFOPLIST_FILE = BonzeiTests/Info.plist;
				IPHONEOS_DEPLOYMENT_TARGET = 13.2;
				LD_RUNPATH_SEARCH_PATHS = (
					"$(inherited)",
					"@executable_path/Frameworks",
					"@loader_path/Frameworks",
				);
				PRODUCT_BUNDLE_IDENTIFIER = app.bonzei.BonzeiTests;
				PRODUCT_NAME = "$(TARGET_NAME)";
				SWIFT_VERSION = 5.0;
				TARGETED_DEVICE_FAMILY = "1,2";
				TEST_HOST = "$(BUILT_PRODUCTS_DIR)/Bonzei.app/Bonzei";
			};
			name = Debug;
		};
		F17ABF08244708A2008E9227 /* Release */ = {
			isa = XCBuildConfiguration;
			baseConfigurationReference = 950F93ED70126B3B2F742D3D /* Pods-BonzeiTests.release.xcconfig */;
			buildSettings = {
				ALWAYS_EMBED_SWIFT_STANDARD_LIBRARIES = YES;
				BUNDLE_LOADER = "$(TEST_HOST)";
				CODE_SIGN_STYLE = Automatic;
				DEVELOPMENT_TEAM = RW79CPXREY;
				INFOPLIST_FILE = BonzeiTests/Info.plist;
				IPHONEOS_DEPLOYMENT_TARGET = 13.2;
				LD_RUNPATH_SEARCH_PATHS = (
					"$(inherited)",
					"@executable_path/Frameworks",
					"@loader_path/Frameworks",
				);
				PRODUCT_BUNDLE_IDENTIFIER = app.bonzei.BonzeiTests;
				PRODUCT_NAME = "$(TARGET_NAME)";
				SWIFT_VERSION = 5.0;
				TARGETED_DEVICE_FAMILY = "1,2";
				TEST_HOST = "$(BUILT_PRODUCTS_DIR)/Bonzei.app/Bonzei";
			};
			name = Release;
		};
/* End XCBuildConfiguration section */

/* Begin XCConfigurationList section */
		F17ABEDA2447089F008E9227 /* Build configuration list for PBXProject "Bonzei" */ = {
			isa = XCConfigurationList;
			buildConfigurations = (
				F17ABF01244708A2008E9227 /* Debug */,
				F17ABF02244708A2008E9227 /* Release */,
			);
			defaultConfigurationIsVisible = 0;
			defaultConfigurationName = Release;
		};
		F17ABF03244708A2008E9227 /* Build configuration list for PBXNativeTarget "Bonzei" */ = {
			isa = XCConfigurationList;
			buildConfigurations = (
				F17ABF04244708A2008E9227 /* Debug */,
				F17ABF05244708A2008E9227 /* Release */,
			);
			defaultConfigurationIsVisible = 0;
			defaultConfigurationName = Release;
		};
		F17ABF06244708A2008E9227 /* Build configuration list for PBXNativeTarget "BonzeiTests" */ = {
			isa = XCConfigurationList;
			buildConfigurations = (
				F17ABF07244708A2008E9227 /* Debug */,
				F17ABF08244708A2008E9227 /* Release */,
			);
			defaultConfigurationIsVisible = 0;
			defaultConfigurationName = Release;
		};
/* End XCConfigurationList section */

/* Begin XCVersionGroup section */
		F17ABEED2447089F008E9227 /* Bonzei.xcdatamodeld */ = {
			isa = XCVersionGroup;
			children = (
				F17ABEEE2447089F008E9227 /* Bonzei.xcdatamodel */,
			);
			currentVersion = F17ABEEE2447089F008E9227 /* Bonzei.xcdatamodel */;
			path = Bonzei.xcdatamodeld;
			sourceTree = "<group>";
			versionGroupType = wrapper.xcdatamodel;
		};
/* End XCVersionGroup section */
	};
	rootObject = F17ABED72447089F008E9227 /* Project object */;
}
